// !$*UTF8*$!
{
	archiveVersion = 1;
	classes = {
	};
	objectVersion = 46;
	objects = {

/* Begin PBXBuildFile section */
		BDBDA1771D1E391B00BA01B1 /* XFBaisiTests.m in Sources */ = {isa = PBXBuildFile; fileRef = BDBDA1761D1E391B00BA01B1 /* XFBaisiTests.m */; };
		BDBDA1821D1E391B00BA01B1 /* XFBaisiUITests.m in Sources */ = {isa = PBXBuildFile; fileRef = BDBDA1811D1E391B00BA01B1 /* XFBaisiUITests.m */; };
		BDBDA1901D1E39B100BA01B1 /* Assets.xcassets in Resources */ = {isa = PBXBuildFile; fileRef = BDBDA18F1D1E39B100BA01B1 /* Assets.xcassets */; };
		BDBDA1B41D1E445700BA01B1 /* XFEssenceViewController.m in Sources */ = {isa = PBXBuildFile; fileRef = BDBDA1B31D1E445700BA01B1 /* XFEssenceViewController.m */; };
		BDBDA1B71D1E446900BA01B1 /* XFNewViewController.m in Sources */ = {isa = PBXBuildFile; fileRef = BDBDA1B61D1E446900BA01B1 /* XFNewViewController.m */; };
		BDBDA1BA1D1E447400BA01B1 /* XFFollowViewController.m in Sources */ = {isa = PBXBuildFile; fileRef = BDBDA1B91D1E447400BA01B1 /* XFFollowViewController.m */; };
		BDBDA1BD1D1E447B00BA01B1 /* XFMeViewController.m in Sources */ = {isa = PBXBuildFile; fileRef = BDBDA1BC1D1E447B00BA01B1 /* XFMeViewController.m */; };
		BDBDA1C01D1E456500BA01B1 /* UIView+XFExtension.m in Sources */ = {isa = PBXBuildFile; fileRef = BDBDA1BF1D1E456500BA01B1 /* UIView+XFExtension.m */; };
		BDBDA1C51D1E456F00BA01B1 /* XFTabBar.m in Sources */ = {isa = PBXBuildFile; fileRef = BDBDA1C21D1E456F00BA01B1 /* XFTabBar.m */; };
		BDBDA1C61D1E456F00BA01B1 /* XFTabBarController.m in Sources */ = {isa = PBXBuildFile; fileRef = BDBDA1C41D1E456F00BA01B1 /* XFTabBarController.m */; };
		BDBDA1C81D1E458900BA01B1 /* AppDelegate.m in Sources */ = {isa = PBXBuildFile; fileRef = BDBDA1C71D1E458900BA01B1 /* AppDelegate.m */; };
		BDBDA1CC1D1E459400BA01B1 /* main.m in Sources */ = {isa = PBXBuildFile; fileRef = BDBDA1CA1D1E459400BA01B1 /* main.m */; };
		BDBDA1D31D1E598100BA01B1 /* XFItemManager.m in Sources */ = {isa = PBXBuildFile; fileRef = BDBDA1D21D1E598100BA01B1 /* XFItemManager.m */; };
/* End PBXBuildFile section */

/* Begin PBXContainerItemProxy section */
		BDBDA1731D1E391B00BA01B1 /* PBXContainerItemProxy */ = {
			isa = PBXContainerItemProxy;
			containerPortal = BDBDA1511D1E391B00BA01B1 /* Project object */;
			proxyType = 1;
			remoteGlobalIDString = BDBDA1581D1E391B00BA01B1;
			remoteInfo = XFBaisi;
		};
		BDBDA17E1D1E391B00BA01B1 /* PBXContainerItemProxy */ = {
			isa = PBXContainerItemProxy;
			containerPortal = BDBDA1511D1E391B00BA01B1 /* Project object */;
			proxyType = 1;
			remoteGlobalIDString = BDBDA1581D1E391B00BA01B1;
			remoteInfo = XFBaisi;
		};
/* End PBXContainerItemProxy section */

/* Begin PBXFileReference section */
		BDBDA1591D1E391B00BA01B1 /* XFBaisi.app */ = {isa = PBXFileReference; explicitFileType = wrapper.application; includeInIndex = 0; path = XFBaisi.app; sourceTree = BUILT_PRODUCTS_DIR; };
		BDBDA16D1D1E391B00BA01B1 /* Info.plist */ = {isa = PBXFileReference; lastKnownFileType = text.plist.xml; path = Info.plist; sourceTree = "<group>"; };
		BDBDA1721D1E391B00BA01B1 /* XFBaisiTests.xctest */ = {isa = PBXFileReference; explicitFileType = wrapper.cfbundle; includeInIndex = 0; path = XFBaisiTests.xctest; sourceTree = BUILT_PRODUCTS_DIR; };
		BDBDA1761D1E391B00BA01B1 /* XFBaisiTests.m */ = {isa = PBXFileReference; lastKnownFileType = sourcecode.c.objc; path = XFBaisiTests.m; sourceTree = "<group>"; };
		BDBDA1781D1E391B00BA01B1 /* Info.plist */ = {isa = PBXFileReference; lastKnownFileType = text.plist.xml; path = Info.plist; sourceTree = "<group>"; };
		BDBDA17D1D1E391B00BA01B1 /* XFBaisiUITests.xctest */ = {isa = PBXFileReference; explicitFileType = wrapper.cfbundle; includeInIndex = 0; path = XFBaisiUITests.xctest; sourceTree = BUILT_PRODUCTS_DIR; };
		BDBDA1811D1E391B00BA01B1 /* XFBaisiUITests.m */ = {isa = PBXFileReference; lastKnownFileType = sourcecode.c.objc; path = XFBaisiUITests.m; sourceTree = "<group>"; };
		BDBDA1831D1E391B00BA01B1 /* Info.plist */ = {isa = PBXFileReference; lastKnownFileType = text.plist.xml; path = Info.plist; sourceTree = "<group>"; };
		BDBDA18F1D1E39B100BA01B1 /* Assets.xcassets */ = {isa = PBXFileReference; lastKnownFileType = folder.assetcatalog; path = Assets.xcassets; sourceTree = "<group>"; };
		BDBDA1B21D1E445700BA01B1 /* XFEssenceViewController.h */ = {isa = PBXFileReference; fileEncoding = 4; lastKnownFileType = sourcecode.c.h; path = XFEssenceViewController.h; sourceTree = "<group>"; };
		BDBDA1B31D1E445700BA01B1 /* XFEssenceViewController.m */ = {isa = PBXFileReference; fileEncoding = 4; lastKnownFileType = sourcecode.c.objc; path = XFEssenceViewController.m; sourceTree = "<group>"; };
		BDBDA1B51D1E446900BA01B1 /* XFNewViewController.h */ = {isa = PBXFileReference; fileEncoding = 4; lastKnownFileType = sourcecode.c.h; path = XFNewViewController.h; sourceTree = "<group>"; };
		BDBDA1B61D1E446900BA01B1 /* XFNewViewController.m */ = {isa = PBXFileReference; fileEncoding = 4; lastKnownFileType = sourcecode.c.objc; path = XFNewViewController.m; sourceTree = "<group>"; };
		BDBDA1B81D1E447400BA01B1 /* XFFollowViewController.h */ = {isa = PBXFileReference; fileEncoding = 4; lastKnownFileType = sourcecode.c.h; path = XFFollowViewController.h; sourceTree = "<group>"; };
		BDBDA1B91D1E447400BA01B1 /* XFFollowViewController.m */ = {isa = PBXFileReference; fileEncoding = 4; lastKnownFileType = sourcecode.c.objc; path = XFFollowViewController.m; sourceTree = "<group>"; };
		BDBDA1BB1D1E447B00BA01B1 /* XFMeViewController.h */ = {isa = PBXFileReference; fileEncoding = 4; lastKnownFileType = sourcecode.c.h; path = XFMeViewController.h; sourceTree = "<group>"; };
		BDBDA1BC1D1E447B00BA01B1 /* XFMeViewController.m */ = {isa = PBXFileReference; fileEncoding = 4; lastKnownFileType = sourcecode.c.objc; path = XFMeViewController.m; sourceTree = "<group>"; };
		BDBDA1BE1D1E456500BA01B1 /* UIView+XFExtension.h */ = {isa = PBXFileReference; fileEncoding = 4; lastKnownFileType = sourcecode.c.h; path = "UIView+XFExtension.h"; sourceTree = "<group>"; };
		BDBDA1BF1D1E456500BA01B1 /* UIView+XFExtension.m */ = {isa = PBXFileReference; fileEncoding = 4; lastKnownFileType = sourcecode.c.objc; path = "UIView+XFExtension.m"; sourceTree = "<group>"; };
		BDBDA1C11D1E456F00BA01B1 /* XFTabBar.h */ = {isa = PBXFileReference; fileEncoding = 4; lastKnownFileType = sourcecode.c.h; path = XFTabBar.h; sourceTree = "<group>"; };
		BDBDA1C21D1E456F00BA01B1 /* XFTabBar.m */ = {isa = PBXFileReference; fileEncoding = 4; lastKnownFileType = sourcecode.c.objc; path = XFTabBar.m; sourceTree = "<group>"; };
		BDBDA1C31D1E456F00BA01B1 /* XFTabBarController.h */ = {isa = PBXFileReference; fileEncoding = 4; lastKnownFileType = sourcecode.c.h; path = XFTabBarController.h; sourceTree = "<group>"; };
		BDBDA1C41D1E456F00BA01B1 /* XFTabBarController.m */ = {isa = PBXFileReference; fileEncoding = 4; lastKnownFileType = sourcecode.c.objc; path = XFTabBarController.m; sourceTree = "<group>"; };
		BDBDA1C71D1E458900BA01B1 /* AppDelegate.m */ = {isa = PBXFileReference; fileEncoding = 4; lastKnownFileType = sourcecode.c.objc; path = AppDelegate.m; sourceTree = "<group>"; };
		BDBDA1C91D1E459400BA01B1 /* AppDelegate.h */ = {isa = PBXFileReference; fileEncoding = 4; lastKnownFileType = sourcecode.c.h; path = AppDelegate.h; sourceTree = "<group>"; };
		BDBDA1CA1D1E459400BA01B1 /* main.m */ = {isa = PBXFileReference; fileEncoding = 4; lastKnownFileType = sourcecode.c.objc; path = main.m; sourceTree = "<group>"; };
		BDBDA1CB1D1E459400BA01B1 /* PrefixHeader.pch */ = {isa = PBXFileReference; fileEncoding = 4; lastKnownFileType = sourcecode.c.h; path = PrefixHeader.pch; sourceTree = "<group>"; };
		BDBDA1D11D1E598100BA01B1 /* XFItemManager.h */ = {isa = PBXFileReference; fileEncoding = 4; lastKnownFileType = sourcecode.c.h; path = XFItemManager.h; sourceTree = "<group>"; };
		BDBDA1D21D1E598100BA01B1 /* XFItemManager.m */ = {isa = PBXFileReference; fileEncoding = 4; lastKnownFileType = sourcecode.c.objc; path = XFItemManager.m; sourceTree = "<group>"; };
/* End PBXFileReference section */

/* Begin PBXFrameworksBuildPhase section */
		BDBDA1561D1E391B00BA01B1 /* Frameworks */ = {
			isa = PBXFrameworksBuildPhase;
			buildActionMask = 2147483647;
			files = (
			);
			runOnlyForDeploymentPostprocessing = 0;
		};
		BDBDA16F1D1E391B00BA01B1 /* Frameworks */ = {
			isa = PBXFrameworksBuildPhase;
			buildActionMask = 2147483647;
			files = (
			);
			runOnlyForDeploymentPostprocessing = 0;
		};
		BDBDA17A1D1E391B00BA01B1 /* Frameworks */ = {
			isa = PBXFrameworksBuildPhase;
			buildActionMask = 2147483647;
			files = (
			);
			runOnlyForDeploymentPostprocessing = 0;
		};
/* End PBXFrameworksBuildPhase section */

/* Begin PBXGroup section */
		BDBDA1501D1E391B00BA01B1 = {
			isa = PBXGroup;
			children = (
				BDBDA15B1D1E391B00BA01B1 /* XFBaisi */,
				BDBDA1751D1E391B00BA01B1 /* XFBaisiTests */,
				BDBDA1801D1E391B00BA01B1 /* XFBaisiUITests */,
				BDBDA15A1D1E391B00BA01B1 /* Products */,
			);
			sourceTree = "<group>";
		};
		BDBDA15A1D1E391B00BA01B1 /* Products */ = {
			isa = PBXGroup;
			children = (
				BDBDA1591D1E391B00BA01B1 /* XFBaisi.app */,
				BDBDA1721D1E391B00BA01B1 /* XFBaisiTests.xctest */,
				BDBDA17D1D1E391B00BA01B1 /* XFBaisiUITests.xctest */,
			);
			name = Products;
			sourceTree = "<group>";
		};
		BDBDA15B1D1E391B00BA01B1 /* XFBaisi */ = {
			isa = PBXGroup;
			children = (
				BDBDA19C1D1E430E00BA01B1 /* Classes */,
				BDBDA15C1D1E391B00BA01B1 /* Supporting Files */,
			);
			path = XFBaisi;
			sourceTree = "<group>";
		};
		BDBDA15C1D1E391B00BA01B1 /* Supporting Files */ = {
			isa = PBXGroup;
			children = (
				BDBDA18F1D1E39B100BA01B1 /* Assets.xcassets */,
				BDBDA16D1D1E391B00BA01B1 /* Info.plist */,
			);
			name = "Supporting Files";
			sourceTree = "<group>";
		};
		BDBDA1751D1E391B00BA01B1 /* XFBaisiTests */ = {
			isa = PBXGroup;
			children = (
				BDBDA1761D1E391B00BA01B1 /* XFBaisiTests.m */,
				BDBDA1781D1E391B00BA01B1 /* Info.plist */,
			);
			path = XFBaisiTests;
			sourceTree = "<group>";
		};
		BDBDA1801D1E391B00BA01B1 /* XFBaisiUITests */ = {
			isa = PBXGroup;
			children = (
				BDBDA1811D1E391B00BA01B1 /* XFBaisiUITests.m */,
				BDBDA1831D1E391B00BA01B1 /* Info.plist */,
			);
			path = XFBaisiUITests;
			sourceTree = "<group>";
		};
		BDBDA19C1D1E430E00BA01B1 /* Classes */ = {
			isa = PBXGroup;
			children = (
				BDBDA19D1D1E433400BA01B1 /* Essence-精华 */,
				BDBDA19E1D1E434300BA01B1 /* New-新帖 */,
				BDBDA19F1D1E438000BA01B1 /* Follow-关注 */,
				BDBDA1A01D1E438000BA01B1 /* Me-我 */,
				BDBDA1A11D1E438000BA01B1 /* Other-其他 */,
			);
			path = Classes;
			sourceTree = "<group>";
		};
		BDBDA19D1D1E433400BA01B1 /* Essence-精华 */ = {
			isa = PBXGroup;
			children = (
				BDBDA1A51D1E43BA00BA01B1 /* Controller */,
				BDBDA1A61D1E43BA00BA01B1 /* Model */,
				BDBDA1A71D1E43BA00BA01B1 /* View */,
			);
			path = "Essence-精华";
			sourceTree = "<group>";
		};
		BDBDA19E1D1E434300BA01B1 /* New-新帖 */ = {
			isa = PBXGroup;
			children = (
				BDBDA1A21D1E43B300BA01B1 /* Controller */,
				BDBDA1A31D1E43B300BA01B1 /* Model */,
				BDBDA1A41D1E43B300BA01B1 /* View */,
			);
			path = "New-新帖";
			sourceTree = "<group>";
		};
		BDBDA19F1D1E438000BA01B1 /* Follow-关注 */ = {
			isa = PBXGroup;
			children = (
				BDBDA1A81D1E43C300BA01B1 /* Controller */,
				BDBDA1A91D1E43C300BA01B1 /* Model */,
				BDBDA1AA1D1E43C300BA01B1 /* View */,
			);
			path = "Follow-关注";
			sourceTree = "<group>";
		};
		BDBDA1A01D1E438000BA01B1 /* Me-我 */ = {
			isa = PBXGroup;
			children = (
				BDBDA1AB1D1E43C800BA01B1 /* Controller */,
				BDBDA1AC1D1E43C800BA01B1 /* Model */,
				BDBDA1AD1D1E43C800BA01B1 /* View */,
			);
			path = "Me-我";
			sourceTree = "<group>";
		};
		BDBDA1A11D1E438000BA01B1 /* Other-其他 */ = {
			isa = PBXGroup;
			children = (
				BDBDA1CB1D1E459400BA01B1 /* PrefixHeader.pch */,
				BDBDA1CA1D1E459400BA01B1 /* main.m */,
				BDBDA1C91D1E459400BA01B1 /* AppDelegate.h */,
				BDBDA1C71D1E458900BA01B1 /* AppDelegate.m */,
				BDBDA1B11D1E43FB00BA01B1 /* Category */,
				BDBDA1AE1D1E43CE00BA01B1 /* Controller */,
				BDBDA1B01D1E43CE00BA01B1 /* View */,
				BDBDA1D11D1E598100BA01B1 /* XFItemManager.h */,
				BDBDA1D21D1E598100BA01B1 /* XFItemManager.m */,
			);
			path = "Other-其他";
			sourceTree = "<group>";
		};
		BDBDA1A21D1E43B300BA01B1 /* Controller */ = {
			isa = PBXGroup;
			children = (
				BDBDA1B51D1E446900BA01B1 /* XFNewViewController.h */,
				BDBDA1B61D1E446900BA01B1 /* XFNewViewController.m */,
			);
			path = Controller;
			sourceTree = "<group>";
		};
		BDBDA1A31D1E43B300BA01B1 /* Model */ = {
			isa = PBXGroup;
			children = (
			);
			path = Model;
			sourceTree = "<group>";
		};
		BDBDA1A41D1E43B300BA01B1 /* View */ = {
			isa = PBXGroup;
			children = (
			);
			path = View;
			sourceTree = "<group>";
		};
		BDBDA1A51D1E43BA00BA01B1 /* Controller */ = {
			isa = PBXGroup;
			children = (
				BDBDA1B21D1E445700BA01B1 /* XFEssenceViewController.h */,
				BDBDA1B31D1E445700BA01B1 /* XFEssenceViewController.m */,
			);
			path = Controller;
			sourceTree = "<group>";
		};
		BDBDA1A61D1E43BA00BA01B1 /* Model */ = {
			isa = PBXGroup;
			children = (
			);
			path = Model;
			sourceTree = "<group>";
		};
		BDBDA1A71D1E43BA00BA01B1 /* View */ = {
			isa = PBXGroup;
			children = (
			);
			path = View;
			sourceTree = "<group>";
		};
		BDBDA1A81D1E43C300BA01B1 /* Controller */ = {
			isa = PBXGroup;
			children = (
				BDBDA1B81D1E447400BA01B1 /* XFFollowViewController.h */,
				BDBDA1B91D1E447400BA01B1 /* XFFollowViewController.m */,
			);
			path = Controller;
			sourceTree = "<group>";
		};
		BDBDA1A91D1E43C300BA01B1 /* Model */ = {
			isa = PBXGroup;
			children = (
			);
			path = Model;
			sourceTree = "<group>";
		};
		BDBDA1AA1D1E43C300BA01B1 /* View */ = {
			isa = PBXGroup;
			children = (
			);
			path = View;
			sourceTree = "<group>";
		};
		BDBDA1AB1D1E43C800BA01B1 /* Controller */ = {
			isa = PBXGroup;
			children = (
				BDBDA1BB1D1E447B00BA01B1 /* XFMeViewController.h */,
				BDBDA1BC1D1E447B00BA01B1 /* XFMeViewController.m */,
			);
			path = Controller;
			sourceTree = "<group>";
		};
		BDBDA1AC1D1E43C800BA01B1 /* Model */ = {
			isa = PBXGroup;
			children = (
			);
			path = Model;
			sourceTree = "<group>";
		};
		BDBDA1AD1D1E43C800BA01B1 /* View */ = {
			isa = PBXGroup;
			children = (
			);
			path = View;
			sourceTree = "<group>";
		};
		BDBDA1AE1D1E43CE00BA01B1 /* Controller */ = {
			isa = PBXGroup;
			children = (
				BDBDA1C11D1E456F00BA01B1 /* XFTabBar.h */,
				BDBDA1C21D1E456F00BA01B1 /* XFTabBar.m */,
				BDBDA1C31D1E456F00BA01B1 /* XFTabBarController.h */,
				BDBDA1C41D1E456F00BA01B1 /* XFTabBarController.m */,
			);
			path = Controller;
			sourceTree = "<group>";
		};
		BDBDA1B01D1E43CE00BA01B1 /* View */ = {
			isa = PBXGroup;
			children = (
			);
			path = View;
			sourceTree = "<group>";
		};
		BDBDA1B11D1E43FB00BA01B1 /* Category */ = {
			isa = PBXGroup;
			children = (
				BDBDA1BE1D1E456500BA01B1 /* UIView+XFExtension.h */,
				BDBDA1BF1D1E456500BA01B1 /* UIView+XFExtension.m */,
			);
			path = Category;
			sourceTree = "<group>";
		};
/* End PBXGroup section */

/* Begin PBXNativeTarget section */
		BDBDA1581D1E391B00BA01B1 /* XFBaisi */ = {
			isa = PBXNativeTarget;
			buildConfigurationList = BDBDA1861D1E391B00BA01B1 /* Build configuration list for PBXNativeTarget "XFBaisi" */;
			buildPhases = (
				BDBDA1551D1E391B00BA01B1 /* Sources */,
				BDBDA1561D1E391B00BA01B1 /* Frameworks */,
				BDBDA1571D1E391B00BA01B1 /* Resources */,
			);
			buildRules = (
			);
			dependencies = (
			);
			name = XFBaisi;
			productName = XFBaisi;
			productReference = BDBDA1591D1E391B00BA01B1 /* XFBaisi.app */;
			productType = "com.apple.product-type.application";
		};
		BDBDA1711D1E391B00BA01B1 /* XFBaisiTests */ = {
			isa = PBXNativeTarget;
			buildConfigurationList = BDBDA1891D1E391B00BA01B1 /* Build configuration list for PBXNativeTarget "XFBaisiTests" */;
			buildPhases = (
				BDBDA16E1D1E391B00BA01B1 /* Sources */,
				BDBDA16F1D1E391B00BA01B1 /* Frameworks */,
				BDBDA1701D1E391B00BA01B1 /* Resources */,
			);
			buildRules = (
			);
			dependencies = (
				BDBDA1741D1E391B00BA01B1 /* PBXTargetDependency */,
			);
			name = XFBaisiTests;
			productName = XFBaisiTests;
			productReference = BDBDA1721D1E391B00BA01B1 /* XFBaisiTests.xctest */;
			productType = "com.apple.product-type.bundle.unit-test";
		};
		BDBDA17C1D1E391B00BA01B1 /* XFBaisiUITests */ = {
			isa = PBXNativeTarget;
			buildConfigurationList = BDBDA18C1D1E391B00BA01B1 /* Build configuration list for PBXNativeTarget "XFBaisiUITests" */;
			buildPhases = (
				BDBDA1791D1E391B00BA01B1 /* Sources */,
				BDBDA17A1D1E391B00BA01B1 /* Frameworks */,
				BDBDA17B1D1E391B00BA01B1 /* Resources */,
			);
			buildRules = (
			);
			dependencies = (
				BDBDA17F1D1E391B00BA01B1 /* PBXTargetDependency */,
			);
			name = XFBaisiUITests;
			productName = XFBaisiUITests;
			productReference = BDBDA17D1D1E391B00BA01B1 /* XFBaisiUITests.xctest */;
			productType = "com.apple.product-type.bundle.ui-testing";
		};
/* End PBXNativeTarget section */

/* Begin PBXProject section */
		BDBDA1511D1E391B00BA01B1 /* Project object */ = {
			isa = PBXProject;
			attributes = {
				CLASSPREFIX = XF;
				LastUpgradeCheck = 0720;
				ORGANIZATIONNAME = xiaofan;
				TargetAttributes = {
					BDBDA1581D1E391B00BA01B1 = {
						CreatedOnToolsVersion = 7.2.1;
					};
					BDBDA1711D1E391B00BA01B1 = {
						CreatedOnToolsVersion = 7.2.1;
						TestTargetID = BDBDA1581D1E391B00BA01B1;
					};
					BDBDA17C1D1E391B00BA01B1 = {
						CreatedOnToolsVersion = 7.2.1;
						TestTargetID = BDBDA1581D1E391B00BA01B1;
					};
				};
			};
			buildConfigurationList = BDBDA1541D1E391B00BA01B1 /* Build configuration list for PBXProject "XFBaisi" */;
			compatibilityVersion = "Xcode 3.2";
			developmentRegion = English;
			hasScannedForEncodings = 0;
			knownRegions = (
				en,
				Base,
			);
			mainGroup = BDBDA1501D1E391B00BA01B1;
			productRefGroup = BDBDA15A1D1E391B00BA01B1 /* Products */;
			projectDirPath = "";
			projectRoot = "";
			targets = (
				BDBDA1581D1E391B00BA01B1 /* XFBaisi */,
				BDBDA1711D1E391B00BA01B1 /* XFBaisiTests */,
				BDBDA17C1D1E391B00BA01B1 /* XFBaisiUITests */,
			);
		};
/* End PBXProject section */

/* Begin PBXResourcesBuildPhase section */
		BDBDA1571D1E391B00BA01B1 /* Resources */ = {
			isa = PBXResourcesBuildPhase;
			buildActionMask = 2147483647;
			files = (
				BDBDA1901D1E39B100BA01B1 /* Assets.xcassets in Resources */,
			);
			runOnlyForDeploymentPostprocessing = 0;
		};
		BDBDA1701D1E391B00BA01B1 /* Resources */ = {
			isa = PBXResourcesBuildPhase;
			buildActionMask = 2147483647;
			files = (
			);
			runOnlyForDeploymentPostprocessing = 0;
		};
		BDBDA17B1D1E391B00BA01B1 /* Resources */ = {
			isa = PBXResourcesBuildPhase;
			buildActionMask = 2147483647;
			files = (
			);
			runOnlyForDeploymentPostprocessing = 0;
		};
/* End PBXResourcesBuildPhase section */

/* Begin PBXSourcesBuildPhase section */
		BDBDA1551D1E391B00BA01B1 /* Sources */ = {
			isa = PBXSourcesBuildPhase;
			buildActionMask = 2147483647;
			files = (
				BDBDA1C51D1E456F00BA01B1 /* XFTabBar.m in Sources */,
				BDBDA1C61D1E456F00BA01B1 /* XFTabBarController.m in Sources */,
				BDBDA1D31D1E598100BA01B1 /* XFItemManager.m in Sources */,
				BDBDA1BA1D1E447400BA01B1 /* XFFollowViewController.m in Sources */,
				BDBDA1C01D1E456500BA01B1 /* UIView+XFExtension.m in Sources */,
				BDBDA1C81D1E458900BA01B1 /* AppDelegate.m in Sources */,
				BDBDA1B71D1E446900BA01B1 /* XFNewViewController.m in Sources */,
				BDBDA1BD1D1E447B00BA01B1 /* XFMeViewController.m in Sources */,
				BDBDA1CC1D1E459400BA01B1 /* main.m in Sources */,
				BDBDA1B41D1E445700BA01B1 /* XFEssenceViewController.m in Sources */,
			);
			runOnlyForDeploymentPostprocessing = 0;
		};
		BDBDA16E1D1E391B00BA01B1 /* Sources */ = {
			isa = PBXSourcesBuildPhase;
			buildActionMask = 2147483647;
			files = (
				BDBDA1771D1E391B00BA01B1 /* XFBaisiTests.m in Sources */,
			);
			runOnlyForDeploymentPostprocessing = 0;
		};
		BDBDA1791D1E391B00BA01B1 /* Sources */ = {
			isa = PBXSourcesBuildPhase;
			buildActionMask = 2147483647;
			files = (
				BDBDA1821D1E391B00BA01B1 /* XFBaisiUITests.m in Sources */,
			);
			runOnlyForDeploymentPostprocessing = 0;
		};
/* End PBXSourcesBuildPhase section */

/* Begin PBXTargetDependency section */
		BDBDA1741D1E391B00BA01B1 /* PBXTargetDependency */ = {
			isa = PBXTargetDependency;
			target = BDBDA1581D1E391B00BA01B1 /* XFBaisi */;
			targetProxy = BDBDA1731D1E391B00BA01B1 /* PBXContainerItemProxy */;
		};
		BDBDA17F1D1E391B00BA01B1 /* PBXTargetDependency */ = {
			isa = PBXTargetDependency;
			target = BDBDA1581D1E391B00BA01B1 /* XFBaisi */;
			targetProxy = BDBDA17E1D1E391B00BA01B1 /* PBXContainerItemProxy */;
		};
/* End PBXTargetDependency section */

/* Begin XCBuildConfiguration section */
		BDBDA1841D1E391B00BA01B1 /* Debug */ = {
			isa = XCBuildConfiguration;
			buildSettings = {
				ALWAYS_SEARCH_USER_PATHS = NO;
				CLANG_CXX_LANGUAGE_STANDARD = "gnu++0x";
				CLANG_CXX_LIBRARY = "libc++";
				CLANG_ENABLE_MODULES = YES;
				CLANG_ENABLE_OBJC_ARC = YES;
				CLANG_WARN_BOOL_CONVERSION = YES;
				CLANG_WARN_CONSTANT_CONVERSION = YES;
				CLANG_WARN_DIRECT_OBJC_ISA_USAGE = YES_ERROR;
				CLANG_WARN_EMPTY_BODY = YES;
				CLANG_WARN_ENUM_CONVERSION = YES;
				CLANG_WARN_INT_CONVERSION = YES;
				CLANG_WARN_OBJC_ROOT_CLASS = YES_ERROR;
				CLANG_WARN_UNREACHABLE_CODE = YES;
				CLANG_WARN__DUPLICATE_METHOD_MATCH = YES;
				"CODE_SIGN_IDENTITY[sdk=iphoneos*]" = "iPhone Developer";
				COPY_PHASE_STRIP = NO;
				DEBUG_INFORMATION_FORMAT = dwarf;
				ENABLE_STRICT_OBJC_MSGSEND = YES;
				ENABLE_TESTABILITY = YES;
				GCC_C_LANGUAGE_STANDARD = gnu99;
				GCC_DYNAMIC_NO_PIC = NO;
				GCC_NO_COMMON_BLOCKS = YES;
				GCC_OPTIMIZATION_LEVEL = 0;
				GCC_PREPROCESSOR_DEFINITIONS = (
					"DEBUG=1",
					"$(inherited)",
				);
				GCC_WARN_64_TO_32_BIT_CONVERSION = YES;
				GCC_WARN_ABOUT_RETURN_TYPE = YES_ERROR;
				GCC_WARN_UNDECLARED_SELECTOR = YES;
				GCC_WARN_UNINITIALIZED_AUTOS = YES_AGGRESSIVE;
				GCC_WARN_UNUSED_FUNCTION = YES;
				GCC_WARN_UNUSED_VARIABLE = YES;
				IPHONEOS_DEPLOYMENT_TARGET = 9.2;
				MTL_ENABLE_DEBUG_INFO = YES;
				ONLY_ACTIVE_ARCH = YES;
				SDKROOT = iphoneos;
			};
			name = Debug;
		};
		BDBDA1851D1E391B00BA01B1 /* Release */ = {
			isa = XCBuildConfiguration;
			buildSettings = {
				ALWAYS_SEARCH_USER_PATHS = NO;
				CLANG_CXX_LANGUAGE_STANDARD = "gnu++0x";
				CLANG_CXX_LIBRARY = "libc++";
				CLANG_ENABLE_MODULES = YES;
				CLANG_ENABLE_OBJC_ARC = YES;
				CLANG_WARN_BOOL_CONVERSION = YES;
				CLANG_WARN_CONSTANT_CONVERSION = YES;
				CLANG_WARN_DIRECT_OBJC_ISA_USAGE = YES_ERROR;
				CLANG_WARN_EMPTY_BODY = YES;
				CLANG_WARN_ENUM_CONVERSION = YES;
				CLANG_WARN_INT_CONVERSION = YES;
				CLANG_WARN_OBJC_ROOT_CLASS = YES_ERROR;
				CLANG_WARN_UNREACHABLE_CODE = YES;
				CLANG_WARN__DUPLICATE_METHOD_MATCH = YES;
				"CODE_SIGN_IDENTITY[sdk=iphoneos*]" = "iPhone Developer";
				COPY_PHASE_STRIP = NO;
				DEBUG_INFORMATION_FORMAT = "dwarf-with-dsym";
				ENABLE_NS_ASSERTIONS = NO;
				ENABLE_STRICT_OBJC_MSGSEND = YES;
				GCC_C_LANGUAGE_STANDARD = gnu99;
				GCC_NO_COMMON_BLOCKS = YES;
				GCC_WARN_64_TO_32_BIT_CONVERSION = YES;
				GCC_WARN_ABOUT_RETURN_TYPE = YES_ERROR;
				GCC_WARN_UNDECLARED_SELECTOR = YES;
				GCC_WARN_UNINITIALIZED_AUTOS = YES_AGGRESSIVE;
				GCC_WARN_UNUSED_FUNCTION = YES;
				GCC_WARN_UNUSED_VARIABLE = YES;
				IPHONEOS_DEPLOYMENT_TARGET = 9.2;
				MTL_ENABLE_DEBUG_INFO = NO;
				SDKROOT = iphoneos;
				VALIDATE_PRODUCT = YES;
			};
			name = Release;
		};
		BDBDA1871D1E391B00BA01B1 /* Debug */ = {
			isa = XCBuildConfiguration;
			buildSettings = {
				ASSETCATALOG_COMPILER_APPICON_NAME = AppIcon;
				ASSETCATALOG_COMPILER_LAUNCHIMAGE_NAME = "Brand Assets";
				GCC_PREFIX_HEADER = "XFBaisi/Classes/Other-其他/PrefixHeader.pch";
				INFOPLIST_FILE = XFBaisi/Info.plist;
				LD_RUNPATH_SEARCH_PATHS = "$(inherited) @executable_path/Frameworks";
				PRODUCT_BUNDLE_IDENTIFIER = com.dvxiaofan.XFBaisi;
				PRODUCT_NAME = "$(TARGET_NAME)";
			};
			name = Debug;
		};
		BDBDA1881D1E391B00BA01B1 /* Release */ = {
			isa = XCBuildConfiguration;
			buildSettings = {
				ASSETCATALOG_COMPILER_APPICON_NAME = AppIcon;
				ASSETCATALOG_COMPILER_LAUNCHIMAGE_NAME = "Brand Assets";
				GCC_PREFIX_HEADER = "XFBaisi/Classes/Other-其他/PrefixHeader.pch";
				INFOPLIST_FILE = XFBaisi/Info.plist;
				LD_RUNPATH_SEARCH_PATHS = "$(inherited) @executable_path/Frameworks";
				PRODUCT_BUNDLE_IDENTIFIER = com.dvxiaofan.XFBaisi;
				PRODUCT_NAME = "$(TARGET_NAME)";
			};
			name = Release;
		};
		BDBDA18A1D1E391B00BA01B1 /* Debug */ = {
			isa = XCBuildConfiguration;
			buildSettings = {
				BUNDLE_LOADER = "$(TEST_HOST)";
				INFOPLIST_FILE = XFBaisiTests/Info.plist;
				LD_RUNPATH_SEARCH_PATHS = "$(inherited) @executable_path/Frameworks @loader_path/Frameworks";
				PRODUCT_BUNDLE_IDENTIFIER = com.dvxiaofan.XFBaisiTests;
				PRODUCT_NAME = "$(TARGET_NAME)";
				TEST_HOST = "$(BUILT_PRODUCTS_DIR)/XFBaisi.app/XFBaisi";
			};
			name = Debug;
		};
		BDBDA18B1D1E391B00BA01B1 /* Release */ = {
			isa = XCBuildConfiguration;
			buildSettings = {
				BUNDLE_LOADER = "$(TEST_HOST)";
				INFOPLIST_FILE = XFBaisiTests/Info.plist;
				LD_RUNPATH_SEARCH_PATHS = "$(inherited) @executable_path/Frameworks @loader_path/Frameworks";
				PRODUCT_BUNDLE_IDENTIFIER = com.dvxiaofan.XFBaisiTests;
				PRODUCT_NAME = "$(TARGET_NAME)";
				TEST_HOST = "$(BUILT_PRODUCTS_DIR)/XFBaisi.app/XFBaisi";
			};
			name = Release;
		};
		BDBDA18D1D1E391B00BA01B1 /* Debug */ = {
			isa = XCBuildConfiguration;
			buildSettings = {
				INFOPLIST_FILE = XFBaisiUITests/Info.plist;
				LD_RUNPATH_SEARCH_PATHS = "$(inherited) @executable_path/Frameworks @loader_path/Frameworks";
				PRODUCT_BUNDLE_IDENTIFIER = com.dvxiaofan.XFBaisiUITests;
				PRODUCT_NAME = "$(TARGET_NAME)";
				TEST_TARGET_NAME = XFBaisi;
				USES_XCTRUNNER = YES;
			};
			name = Debug;
		};
		BDBDA18E1D1E391B00BA01B1 /* Release */ = {
			isa = XCBuildConfiguration;
			buildSettings = {
				INFOPLIST_FILE = XFBaisiUITests/Info.plist;
				LD_RUNPATH_SEARCH_PATHS = "$(inherited) @executable_path/Frameworks @loader_path/Frameworks";
				PRODUCT_BUNDLE_IDENTIFIER = com.dvxiaofan.XFBaisiUITests;
				PRODUCT_NAME = "$(TARGET_NAME)";
				TEST_TARGET_NAME = XFBaisi;
				USES_XCTRUNNER = YES;
			};
			name = Release;
		};
/* End XCBuildConfiguration section */

/* Begin XCConfigurationList section */
		BDBDA1541D1E391B00BA01B1 /* Build configuration list for PBXProject "XFBaisi" */ = {
			isa = XCConfigurationList;
			buildConfigurations = (
				BDBDA1841D1E391B00BA01B1 /* Debug */,
				BDBDA1851D1E391B00BA01B1 /* Release */,
			);
			defaultConfigurationIsVisible = 0;
			defaultConfigurationName = Release;
		};
		BDBDA1861D1E391B00BA01B1 /* Build configuration list for PBXNativeTarget "XFBaisi" */ = {
			isa = XCConfigurationList;
			buildConfigurations = (
				BDBDA1871D1E391B00BA01B1 /* Debug */,
				BDBDA1881D1E391B00BA01B1 /* Release */,
			);
			defaultConfigurationIsVisible = 0;
			defaultConfigurationName = Release;
		};
		BDBDA1891D1E391B00BA01B1 /* Build configuration list for PBXNativeTarget "XFBaisiTests" */ = {
			isa = XCConfigurationList;
			buildConfigurations = (
				BDBDA18A1D1E391B00BA01B1 /* Debug */,
				BDBDA18B1D1E391B00BA01B1 /* Release */,
			);
			defaultConfigurationIsVisible = 0;
			defaultConfigurationName = Release;
		};
		BDBDA18C1D1E391B00BA01B1 /* Build configuration list for PBXNativeTarget "XFBaisiUITests" */ = {
			isa = XCConfigurationList;
			buildConfigurations = (
				BDBDA18D1D1E391B00BA01B1 /* Debug */,
				BDBDA18E1D1E391B00BA01B1 /* Release */,
			);
			defaultConfigurationIsVisible = 0;
			defaultConfigurationName = Release;
		};
/* End XCConfigurationList section */
	};
	rootObject = BDBDA1511D1E391B00BA01B1 /* Project object */;
}
