// !$*UTF8*$!
{
	archiveVersion = 1;
	classes = {
	};
	objectVersion = 46;
	objects = {

/* Begin PBXBuildFile section */
		2B251BA443D3181F21774C84 /* libPods-XFBaisiUITests.a in Frameworks */ = {isa = PBXBuildFile; fileRef = 43DF40AF7129666B974784DD /* libPods-XFBaisiUITests.a */; };
		A345A2CC13DC52485FE1905D /* libPods-XFBaisiTests.a in Frameworks */ = {isa = PBXBuildFile; fileRef = FAF2CE5070612EF3BD1AAAA2 /* libPods-XFBaisiTests.a */; };
		BD2382E31D20B86B00DE1EB3 /* XFMeSquareButton.m in Sources */ = {isa = PBXBuildFile; fileRef = BD2382E21D20B86A00DE1EB3 /* XFMeSquareButton.m */; };
		BD2382EA1D20CB8A00DE1EB3 /* XFWebViewController.m in Sources */ = {isa = PBXBuildFile; fileRef = BD2382E81D20CB8A00DE1EB3 /* XFWebViewController.m */; };
		BD2382EB1D20CB8A00DE1EB3 /* XFWebViewController.xib in Resources */ = {isa = PBXBuildFile; fileRef = BD2382E91D20CB8A00DE1EB3 /* XFWebViewController.xib */; };
		BD2382F11D20FA2E00DE1EB3 /* XFMoreViewController.m in Sources */ = {isa = PBXBuildFile; fileRef = BD2382F01D20FA2E00DE1EB3 /* XFMoreViewController.m */; };
		BD2382F41D2103AB00DE1EB3 /* NSString+XFExtension.m in Sources */ = {isa = PBXBuildFile; fileRef = BD2382F31D2103AB00DE1EB3 /* NSString+XFExtension.m */; };
		BD2382F71D21146700DE1EB3 /* XFClearCacheCell.m in Sources */ = {isa = PBXBuildFile; fileRef = BD2382F61D21146700DE1EB3 /* XFClearCacheCell.m */; };
		BD3830F11D201FDB0060CEB0 /* XFConst.m in Sources */ = {isa = PBXBuildFile; fileRef = BD3830F01D201FDB0060CEB0 /* XFConst.m */; };
		BD3830F41D2020CE0060CEB0 /* XFMeTableViewCell.m in Sources */ = {isa = PBXBuildFile; fileRef = BD3830F31D2020CE0060CEB0 /* XFMeTableViewCell.m */; };
		BD3830F71D20255B0060CEB0 /* XFMeFooterView.m in Sources */ = {isa = PBXBuildFile; fileRef = BD3830F61D20255B0060CEB0 /* XFMeFooterView.m */; };
		BD660A401D1EF19B006E5BC0 /* XFLoginRegisterTextField.m in Sources */ = {isa = PBXBuildFile; fileRef = BD660A3F1D1EF19B006E5BC0 /* XFLoginRegisterTextField.m */; };
		BD94A67E1D222B9C00EC5208 /* XFTitleButton.m in Sources */ = {isa = PBXBuildFile; fileRef = BD94A67D1D222B9C00EC5208 /* XFTitleButton.m */; };
		BD94A6811D223ACD00EC5208 /* XFAllViewController.m in Sources */ = {isa = PBXBuildFile; fileRef = BD94A6801D223ACD00EC5208 /* XFAllViewController.m */; };
		BD94A6841D223AE900EC5208 /* XFVideoViewController.m in Sources */ = {isa = PBXBuildFile; fileRef = BD94A6831D223AE900EC5208 /* XFVideoViewController.m */; };
		BD94A6871D223AFA00EC5208 /* XFVoiceViewController.m in Sources */ = {isa = PBXBuildFile; fileRef = BD94A6861D223AFA00EC5208 /* XFVoiceViewController.m */; };
		BD94A68A1D223B1000EC5208 /* XFPictureViewController.m in Sources */ = {isa = PBXBuildFile; fileRef = BD94A6891D223B1000EC5208 /* XFPictureViewController.m */; };
		BD94A68D1D223B2600EC5208 /* XFWordViewController.m in Sources */ = {isa = PBXBuildFile; fileRef = BD94A68C1D223B2600EC5208 /* XFWordViewController.m */; };
		BDA664351D235ED5004D5967 /* XFTopic.m in Sources */ = {isa = PBXBuildFile; fileRef = BDA664341D235ED5004D5967 /* XFTopic.m */; };
		BDA664381D237475004D5967 /* XFRefreshHeader.m in Sources */ = {isa = PBXBuildFile; fileRef = BDA664371D237475004D5967 /* XFRefreshHeader.m */; };
		BDA6643B1D237D99004D5967 /* XFRefreshFooter.m in Sources */ = {isa = PBXBuildFile; fileRef = BDA6643A1D237D99004D5967 /* XFRefreshFooter.m */; };
		BDBDA1771D1E391B00BA01B1 /* XFBaisiTests.m in Sources */ = {isa = PBXBuildFile; fileRef = BDBDA1761D1E391B00BA01B1 /* XFBaisiTests.m */; };
		BDBDA1821D1E391B00BA01B1 /* XFBaisiUITests.m in Sources */ = {isa = PBXBuildFile; fileRef = BDBDA1811D1E391B00BA01B1 /* XFBaisiUITests.m */; };
		BDBDA1901D1E39B100BA01B1 /* Assets.xcassets in Resources */ = {isa = PBXBuildFile; fileRef = BDBDA18F1D1E39B100BA01B1 /* Assets.xcassets */; };
		BDBDA1B41D1E445700BA01B1 /* XFEssenceViewController.m in Sources */ = {isa = PBXBuildFile; fileRef = BDBDA1B31D1E445700BA01B1 /* XFEssenceViewController.m */; };
		BDBDA1B71D1E446900BA01B1 /* XFNewViewController.m in Sources */ = {isa = PBXBuildFile; fileRef = BDBDA1B61D1E446900BA01B1 /* XFNewViewController.m */; };
		BDBDA1BA1D1E447400BA01B1 /* XFFollowViewController.m in Sources */ = {isa = PBXBuildFile; fileRef = BDBDA1B91D1E447400BA01B1 /* XFFollowViewController.m */; };
		BDBDA1BD1D1E447B00BA01B1 /* XFMeViewController.m in Sources */ = {isa = PBXBuildFile; fileRef = BDBDA1BC1D1E447B00BA01B1 /* XFMeViewController.m */; };
		BDBDA1C01D1E456500BA01B1 /* UIView+XFExtension.m in Sources */ = {isa = PBXBuildFile; fileRef = BDBDA1BF1D1E456500BA01B1 /* UIView+XFExtension.m */; };
		BDBDA1C61D1E456F00BA01B1 /* XFTabBarController.m in Sources */ = {isa = PBXBuildFile; fileRef = BDBDA1C41D1E456F00BA01B1 /* XFTabBarController.m */; };
		BDBDA1C81D1E458900BA01B1 /* AppDelegate.m in Sources */ = {isa = PBXBuildFile; fileRef = BDBDA1C71D1E458900BA01B1 /* AppDelegate.m */; };
		BDBDA1CC1D1E459400BA01B1 /* main.m in Sources */ = {isa = PBXBuildFile; fileRef = BDBDA1CA1D1E459400BA01B1 /* main.m */; };
		BDBDA1D61D1E5AA400BA01B1 /* UIBarButtonItem+XFExtension.m in Sources */ = {isa = PBXBuildFile; fileRef = BDBDA1D51D1E5AA400BA01B1 /* UIBarButtonItem+XFExtension.m */; };
		BDBDA1D91D1E624F00BA01B1 /* XFRecommendViewController.m in Sources */ = {isa = PBXBuildFile; fileRef = BDBDA1D81D1E624F00BA01B1 /* XFRecommendViewController.m */; };
		BDBDA1DC1D1E64B800BA01B1 /* XFSettingViewController.m in Sources */ = {isa = PBXBuildFile; fileRef = BDBDA1DB1D1E64B800BA01B1 /* XFSettingViewController.m */; };
		BDBDA1E21D1E67B300BA01B1 /* XFNavigationController.m in Sources */ = {isa = PBXBuildFile; fileRef = BDBDA1E11D1E67B300BA01B1 /* XFNavigationController.m */; };
		BDD544BA1D1FBDEC00DD2F9D /* UITextField+XFExtension.m in Sources */ = {isa = PBXBuildFile; fileRef = BDD544B91D1FBDEC00DD2F9D /* UITextField+XFExtension.m */; };
		BDE490A71D1EBF0F0029E919 /* XFFollowViewController.xib in Resources */ = {isa = PBXBuildFile; fileRef = BDE490A61D1EBF0F0029E919 /* XFFollowViewController.xib */; };
		BDE490AB1D1EC8330029E919 /* XFLoginRegisterViewController.m in Sources */ = {isa = PBXBuildFile; fileRef = BDE490A91D1EC8330029E919 /* XFLoginRegisterViewController.m */; };
		BDE490AC1D1EC8330029E919 /* XFLoginRegisterViewController.xib in Resources */ = {isa = PBXBuildFile; fileRef = BDE490AA1D1EC8330029E919 /* XFLoginRegisterViewController.xib */; };
		BDE490AF1D1ED6210029E919 /* XFTabBar.m in Sources */ = {isa = PBXBuildFile; fileRef = BDE490AE1D1ED6210029E919 /* XFTabBar.m */; };
		BDE490B21D1ED6690029E919 /* XFQuickLoginBtn.m in Sources */ = {isa = PBXBuildFile; fileRef = BDE490B11D1ED6690029E919 /* XFQuickLoginBtn.m */; };
		BDF277C71D20A9E9006D1122 /* XFMeSquare.m in Sources */ = {isa = PBXBuildFile; fileRef = BDF277C61D20A9E9006D1122 /* XFMeSquare.m */; };
		BDF7C0C51D227B2D00947EAD /* XFTextFontCell.m in Sources */ = {isa = PBXBuildFile; fileRef = BDF7C0C31D227B2D00947EAD /* XFTextFontCell.m */; };
		BDF7C0C61D227B2D00947EAD /* XFTextFontCell.xib in Resources */ = {isa = PBXBuildFile; fileRef = BDF7C0C41D227B2D00947EAD /* XFTextFontCell.xib */; };
		BDF7C0CA1D22836800947EAD /* XFDayOrNightCell.m in Sources */ = {isa = PBXBuildFile; fileRef = BDF7C0C81D22836800947EAD /* XFDayOrNightCell.m */; };
		BDF7C0CB1D22836800947EAD /* XFDayOrNightCell.xib in Resources */ = {isa = PBXBuildFile; fileRef = BDF7C0C91D22836800947EAD /* XFDayOrNightCell.xib */; };
		D82C942630EED7F0F1C4F766 /* libPods-XFBaisi.a in Frameworks */ = {isa = PBXBuildFile; fileRef = 8564B4053D229525B01D725E /* libPods-XFBaisi.a */; };
/* End PBXBuildFile section */

/* Begin PBXContainerItemProxy section */
		BDBDA1731D1E391B00BA01B1 /* PBXContainerItemProxy */ = {
			isa = PBXContainerItemProxy;
			containerPortal = BDBDA1511D1E391B00BA01B1 /* Project object */;
			proxyType = 1;
			remoteGlobalIDString = BDBDA1581D1E391B00BA01B1;
			remoteInfo = XFBaisi;
		};
		BDBDA17E1D1E391B00BA01B1 /* PBXContainerItemProxy */ = {
			isa = PBXContainerItemProxy;
			containerPortal = BDBDA1511D1E391B00BA01B1 /* Project object */;
			proxyType = 1;
			remoteGlobalIDString = BDBDA1581D1E391B00BA01B1;
			remoteInfo = XFBaisi;
		};
/* End PBXContainerItemProxy section */

/* Begin PBXFileReference section */
		33FA3FF16BBC520CB6DFBE0C /* Pods-XFBaisiUITests.release.xcconfig */ = {isa = PBXFileReference; includeInIndex = 1; lastKnownFileType = text.xcconfig; name = "Pods-XFBaisiUITests.release.xcconfig"; path = "Pods/Target Support Files/Pods-XFBaisiUITests/Pods-XFBaisiUITests.release.xcconfig"; sourceTree = "<group>"; };
		43DF40AF7129666B974784DD /* libPods-XFBaisiUITests.a */ = {isa = PBXFileReference; explicitFileType = archive.ar; includeInIndex = 0; path = "libPods-XFBaisiUITests.a"; sourceTree = BUILT_PRODUCTS_DIR; };
		5B2303E04480110E01B60C9A /* Pods-XFBaisi.debug.xcconfig */ = {isa = PBXFileReference; includeInIndex = 1; lastKnownFileType = text.xcconfig; name = "Pods-XFBaisi.debug.xcconfig"; path = "Pods/Target Support Files/Pods-XFBaisi/Pods-XFBaisi.debug.xcconfig"; sourceTree = "<group>"; };
		60992633DBEC019FBFA793B4 /* Pods-XFBaisiTests.release.xcconfig */ = {isa = PBXFileReference; includeInIndex = 1; lastKnownFileType = text.xcconfig; name = "Pods-XFBaisiTests.release.xcconfig"; path = "Pods/Target Support Files/Pods-XFBaisiTests/Pods-XFBaisiTests.release.xcconfig"; sourceTree = "<group>"; };
		7232A17A3C37455A74E600F7 /* Pods-XFBaisiUITests.debug.xcconfig */ = {isa = PBXFileReference; includeInIndex = 1; lastKnownFileType = text.xcconfig; name = "Pods-XFBaisiUITests.debug.xcconfig"; path = "Pods/Target Support Files/Pods-XFBaisiUITests/Pods-XFBaisiUITests.debug.xcconfig"; sourceTree = "<group>"; };
		8564B4053D229525B01D725E /* libPods-XFBaisi.a */ = {isa = PBXFileReference; explicitFileType = archive.ar; includeInIndex = 0; path = "libPods-XFBaisi.a"; sourceTree = BUILT_PRODUCTS_DIR; };
		958DD80A83CB5E018CEDA6E4 /* Pods-XFBaisi.release.xcconfig */ = {isa = PBXFileReference; includeInIndex = 1; lastKnownFileType = text.xcconfig; name = "Pods-XFBaisi.release.xcconfig"; path = "Pods/Target Support Files/Pods-XFBaisi/Pods-XFBaisi.release.xcconfig"; sourceTree = "<group>"; };
		BD2382E11D20B86A00DE1EB3 /* XFMeSquareButton.h */ = {isa = PBXFileReference; fileEncoding = 4; lastKnownFileType = sourcecode.c.h; path = XFMeSquareButton.h; sourceTree = "<group>"; };
		BD2382E21D20B86A00DE1EB3 /* XFMeSquareButton.m */ = {isa = PBXFileReference; fileEncoding = 4; lastKnownFileType = sourcecode.c.objc; path = XFMeSquareButton.m; sourceTree = "<group>"; };
		BD2382E71D20CB8A00DE1EB3 /* XFWebViewController.h */ = {isa = PBXFileReference; fileEncoding = 4; lastKnownFileType = sourcecode.c.h; path = XFWebViewController.h; sourceTree = "<group>"; };
		BD2382E81D20CB8A00DE1EB3 /* XFWebViewController.m */ = {isa = PBXFileReference; fileEncoding = 4; lastKnownFileType = sourcecode.c.objc; path = XFWebViewController.m; sourceTree = "<group>"; };
		BD2382E91D20CB8A00DE1EB3 /* XFWebViewController.xib */ = {isa = PBXFileReference; fileEncoding = 4; lastKnownFileType = file.xib; path = XFWebViewController.xib; sourceTree = "<group>"; };
		BD2382EF1D20FA2E00DE1EB3 /* XFMoreViewController.h */ = {isa = PBXFileReference; fileEncoding = 4; lastKnownFileType = sourcecode.c.h; path = XFMoreViewController.h; sourceTree = "<group>"; };
		BD2382F01D20FA2E00DE1EB3 /* XFMoreViewController.m */ = {isa = PBXFileReference; fileEncoding = 4; lastKnownFileType = sourcecode.c.objc; path = XFMoreViewController.m; sourceTree = "<group>"; };
		BD2382F21D2103AB00DE1EB3 /* NSString+XFExtension.h */ = {isa = PBXFileReference; fileEncoding = 4; lastKnownFileType = sourcecode.c.h; path = "NSString+XFExtension.h"; sourceTree = "<group>"; };
		BD2382F31D2103AB00DE1EB3 /* NSString+XFExtension.m */ = {isa = PBXFileReference; fileEncoding = 4; lastKnownFileType = sourcecode.c.objc; path = "NSString+XFExtension.m"; sourceTree = "<group>"; };
		BD2382F51D21146700DE1EB3 /* XFClearCacheCell.h */ = {isa = PBXFileReference; fileEncoding = 4; lastKnownFileType = sourcecode.c.h; path = XFClearCacheCell.h; sourceTree = "<group>"; };
		BD2382F61D21146700DE1EB3 /* XFClearCacheCell.m */ = {isa = PBXFileReference; fileEncoding = 4; lastKnownFileType = sourcecode.c.objc; path = XFClearCacheCell.m; sourceTree = "<group>"; };
		BD3830EF1D201FDB0060CEB0 /* XFConst.h */ = {isa = PBXFileReference; fileEncoding = 4; lastKnownFileType = sourcecode.c.h; path = XFConst.h; sourceTree = "<group>"; };
		BD3830F01D201FDB0060CEB0 /* XFConst.m */ = {isa = PBXFileReference; fileEncoding = 4; lastKnownFileType = sourcecode.c.objc; path = XFConst.m; sourceTree = "<group>"; };
		BD3830F21D2020CE0060CEB0 /* XFMeTableViewCell.h */ = {isa = PBXFileReference; fileEncoding = 4; lastKnownFileType = sourcecode.c.h; path = XFMeTableViewCell.h; sourceTree = "<group>"; };
		BD3830F31D2020CE0060CEB0 /* XFMeTableViewCell.m */ = {isa = PBXFileReference; fileEncoding = 4; lastKnownFileType = sourcecode.c.objc; path = XFMeTableViewCell.m; sourceTree = "<group>"; };
		BD3830F51D20255B0060CEB0 /* XFMeFooterView.h */ = {isa = PBXFileReference; fileEncoding = 4; lastKnownFileType = sourcecode.c.h; path = XFMeFooterView.h; sourceTree = "<group>"; };
		BD3830F61D20255B0060CEB0 /* XFMeFooterView.m */ = {isa = PBXFileReference; fileEncoding = 4; lastKnownFileType = sourcecode.c.objc; path = XFMeFooterView.m; sourceTree = "<group>"; };
		BD660A3E1D1EF19B006E5BC0 /* XFLoginRegisterTextField.h */ = {isa = PBXFileReference; fileEncoding = 4; lastKnownFileType = sourcecode.c.h; path = XFLoginRegisterTextField.h; sourceTree = "<group>"; };
		BD660A3F1D1EF19B006E5BC0 /* XFLoginRegisterTextField.m */ = {isa = PBXFileReference; fileEncoding = 4; lastKnownFileType = sourcecode.c.objc; path = XFLoginRegisterTextField.m; sourceTree = "<group>"; };
		BD94A67C1D222B9C00EC5208 /* XFTitleButton.h */ = {isa = PBXFileReference; fileEncoding = 4; lastKnownFileType = sourcecode.c.h; path = XFTitleButton.h; sourceTree = "<group>"; };
		BD94A67D1D222B9C00EC5208 /* XFTitleButton.m */ = {isa = PBXFileReference; fileEncoding = 4; lastKnownFileType = sourcecode.c.objc; path = XFTitleButton.m; sourceTree = "<group>"; };
		BD94A67F1D223ACD00EC5208 /* XFAllViewController.h */ = {isa = PBXFileReference; fileEncoding = 4; lastKnownFileType = sourcecode.c.h; path = XFAllViewController.h; sourceTree = "<group>"; };
		BD94A6801D223ACD00EC5208 /* XFAllViewController.m */ = {isa = PBXFileReference; fileEncoding = 4; lastKnownFileType = sourcecode.c.objc; path = XFAllViewController.m; sourceTree = "<group>"; };
		BD94A6821D223AE900EC5208 /* XFVideoViewController.h */ = {isa = PBXFileReference; fileEncoding = 4; lastKnownFileType = sourcecode.c.h; path = XFVideoViewController.h; sourceTree = "<group>"; };
		BD94A6831D223AE900EC5208 /* XFVideoViewController.m */ = {isa = PBXFileReference; fileEncoding = 4; lastKnownFileType = sourcecode.c.objc; path = XFVideoViewController.m; sourceTree = "<group>"; };
		BD94A6851D223AFA00EC5208 /* XFVoiceViewController.h */ = {isa = PBXFileReference; fileEncoding = 4; lastKnownFileType = sourcecode.c.h; path = XFVoiceViewController.h; sourceTree = "<group>"; };
		BD94A6861D223AFA00EC5208 /* XFVoiceViewController.m */ = {isa = PBXFileReference; fileEncoding = 4; lastKnownFileType = sourcecode.c.objc; path = XFVoiceViewController.m; sourceTree = "<group>"; };
		BD94A6881D223B1000EC5208 /* XFPictureViewController.h */ = {isa = PBXFileReference; fileEncoding = 4; lastKnownFileType = sourcecode.c.h; path = XFPictureViewController.h; sourceTree = "<group>"; };
		BD94A6891D223B1000EC5208 /* XFPictureViewController.m */ = {isa = PBXFileReference; fileEncoding = 4; lastKnownFileType = sourcecode.c.objc; path = XFPictureViewController.m; sourceTree = "<group>"; };
		BD94A68B1D223B2600EC5208 /* XFWordViewController.h */ = {isa = PBXFileReference; fileEncoding = 4; lastKnownFileType = sourcecode.c.h; path = XFWordViewController.h; sourceTree = "<group>"; };
		BD94A68C1D223B2600EC5208 /* XFWordViewController.m */ = {isa = PBXFileReference; fileEncoding = 4; lastKnownFileType = sourcecode.c.objc; path = XFWordViewController.m; sourceTree = "<group>"; };
		BDA664331D235ED5004D5967 /* XFTopic.h */ = {isa = PBXFileReference; fileEncoding = 4; lastKnownFileType = sourcecode.c.h; path = XFTopic.h; sourceTree = "<group>"; };
		BDA664341D235ED5004D5967 /* XFTopic.m */ = {isa = PBXFileReference; fileEncoding = 4; lastKnownFileType = sourcecode.c.objc; path = XFTopic.m; sourceTree = "<group>"; };
		BDA664361D237475004D5967 /* XFRefreshHeader.h */ = {isa = PBXFileReference; fileEncoding = 4; lastKnownFileType = sourcecode.c.h; path = XFRefreshHeader.h; sourceTree = "<group>"; };
		BDA664371D237475004D5967 /* XFRefreshHeader.m */ = {isa = PBXFileReference; fileEncoding = 4; lastKnownFileType = sourcecode.c.objc; path = XFRefreshHeader.m; sourceTree = "<group>"; };
		BDA664391D237D99004D5967 /* XFRefreshFooter.h */ = {isa = PBXFileReference; fileEncoding = 4; lastKnownFileType = sourcecode.c.h; path = XFRefreshFooter.h; sourceTree = "<group>"; };
		BDA6643A1D237D99004D5967 /* XFRefreshFooter.m */ = {isa = PBXFileReference; fileEncoding = 4; lastKnownFileType = sourcecode.c.objc; path = XFRefreshFooter.m; sourceTree = "<group>"; };
		BDBDA1591D1E391B00BA01B1 /* XFBaisi.app */ = {isa = PBXFileReference; explicitFileType = wrapper.application; includeInIndex = 0; path = XFBaisi.app; sourceTree = BUILT_PRODUCTS_DIR; };
		BDBDA16D1D1E391B00BA01B1 /* Info.plist */ = {isa = PBXFileReference; lastKnownFileType = text.plist.xml; path = Info.plist; sourceTree = "<group>"; };
		BDBDA1721D1E391B00BA01B1 /* XFBaisiTests.xctest */ = {isa = PBXFileReference; explicitFileType = wrapper.cfbundle; includeInIndex = 0; path = XFBaisiTests.xctest; sourceTree = BUILT_PRODUCTS_DIR; };
		BDBDA1761D1E391B00BA01B1 /* XFBaisiTests.m */ = {isa = PBXFileReference; lastKnownFileType = sourcecode.c.objc; path = XFBaisiTests.m; sourceTree = "<group>"; };
		BDBDA1781D1E391B00BA01B1 /* Info.plist */ = {isa = PBXFileReference; lastKnownFileType = text.plist.xml; path = Info.plist; sourceTree = "<group>"; };
		BDBDA17D1D1E391B00BA01B1 /* XFBaisiUITests.xctest */ = {isa = PBXFileReference; explicitFileType = wrapper.cfbundle; includeInIndex = 0; path = XFBaisiUITests.xctest; sourceTree = BUILT_PRODUCTS_DIR; };
		BDBDA1811D1E391B00BA01B1 /* XFBaisiUITests.m */ = {isa = PBXFileReference; lastKnownFileType = sourcecode.c.objc; path = XFBaisiUITests.m; sourceTree = "<group>"; };
		BDBDA1831D1E391B00BA01B1 /* Info.plist */ = {isa = PBXFileReference; lastKnownFileType = text.plist.xml; path = Info.plist; sourceTree = "<group>"; };
		BDBDA18F1D1E39B100BA01B1 /* Assets.xcassets */ = {isa = PBXFileReference; lastKnownFileType = folder.assetcatalog; path = Assets.xcassets; sourceTree = "<group>"; };
		BDBDA1B21D1E445700BA01B1 /* XFEssenceViewController.h */ = {isa = PBXFileReference; fileEncoding = 4; lastKnownFileType = sourcecode.c.h; path = XFEssenceViewController.h; sourceTree = "<group>"; };
		BDBDA1B31D1E445700BA01B1 /* XFEssenceViewController.m */ = {isa = PBXFileReference; fileEncoding = 4; lastKnownFileType = sourcecode.c.objc; path = XFEssenceViewController.m; sourceTree = "<group>"; };
		BDBDA1B51D1E446900BA01B1 /* XFNewViewController.h */ = {isa = PBXFileReference; fileEncoding = 4; lastKnownFileType = sourcecode.c.h; path = XFNewViewController.h; sourceTree = "<group>"; };
		BDBDA1B61D1E446900BA01B1 /* XFNewViewController.m */ = {isa = PBXFileReference; fileEncoding = 4; lastKnownFileType = sourcecode.c.objc; path = XFNewViewController.m; sourceTree = "<group>"; };
		BDBDA1B81D1E447400BA01B1 /* XFFollowViewController.h */ = {isa = PBXFileReference; fileEncoding = 4; lastKnownFileType = sourcecode.c.h; path = XFFollowViewController.h; sourceTree = "<group>"; };
		BDBDA1B91D1E447400BA01B1 /* XFFollowViewController.m */ = {isa = PBXFileReference; fileEncoding = 4; lastKnownFileType = sourcecode.c.objc; path = XFFollowViewController.m; sourceTree = "<group>"; };
		BDBDA1BB1D1E447B00BA01B1 /* XFMeViewController.h */ = {isa = PBXFileReference; fileEncoding = 4; lastKnownFileType = sourcecode.c.h; path = XFMeViewController.h; sourceTree = "<group>"; };
		BDBDA1BC1D1E447B00BA01B1 /* XFMeViewController.m */ = {isa = PBXFileReference; fileEncoding = 4; lastKnownFileType = sourcecode.c.objc; path = XFMeViewController.m; sourceTree = "<group>"; };
		BDBDA1BE1D1E456500BA01B1 /* UIView+XFExtension.h */ = {isa = PBXFileReference; fileEncoding = 4; lastKnownFileType = sourcecode.c.h; path = "UIView+XFExtension.h"; sourceTree = "<group>"; };
		BDBDA1BF1D1E456500BA01B1 /* UIView+XFExtension.m */ = {isa = PBXFileReference; fileEncoding = 4; lastKnownFileType = sourcecode.c.objc; path = "UIView+XFExtension.m"; sourceTree = "<group>"; };
		BDBDA1C31D1E456F00BA01B1 /* XFTabBarController.h */ = {isa = PBXFileReference; fileEncoding = 4; lastKnownFileType = sourcecode.c.h; path = XFTabBarController.h; sourceTree = "<group>"; };
		BDBDA1C41D1E456F00BA01B1 /* XFTabBarController.m */ = {isa = PBXFileReference; fileEncoding = 4; lastKnownFileType = sourcecode.c.objc; path = XFTabBarController.m; sourceTree = "<group>"; };
		BDBDA1C71D1E458900BA01B1 /* AppDelegate.m */ = {isa = PBXFileReference; fileEncoding = 4; lastKnownFileType = sourcecode.c.objc; path = AppDelegate.m; sourceTree = "<group>"; };
		BDBDA1C91D1E459400BA01B1 /* AppDelegate.h */ = {isa = PBXFileReference; fileEncoding = 4; lastKnownFileType = sourcecode.c.h; path = AppDelegate.h; sourceTree = "<group>"; };
		BDBDA1CA1D1E459400BA01B1 /* main.m */ = {isa = PBXFileReference; fileEncoding = 4; lastKnownFileType = sourcecode.c.objc; path = main.m; sourceTree = "<group>"; };
		BDBDA1CB1D1E459400BA01B1 /* PrefixHeader.pch */ = {isa = PBXFileReference; fileEncoding = 4; lastKnownFileType = sourcecode.c.h; path = PrefixHeader.pch; sourceTree = "<group>"; };
		BDBDA1D41D1E5AA400BA01B1 /* UIBarButtonItem+XFExtension.h */ = {isa = PBXFileReference; fileEncoding = 4; lastKnownFileType = sourcecode.c.h; path = "UIBarButtonItem+XFExtension.h"; sourceTree = "<group>"; };
		BDBDA1D51D1E5AA400BA01B1 /* UIBarButtonItem+XFExtension.m */ = {isa = PBXFileReference; fileEncoding = 4; lastKnownFileType = sourcecode.c.objc; path = "UIBarButtonItem+XFExtension.m"; sourceTree = "<group>"; };
		BDBDA1D71D1E624F00BA01B1 /* XFRecommendViewController.h */ = {isa = PBXFileReference; fileEncoding = 4; lastKnownFileType = sourcecode.c.h; path = XFRecommendViewController.h; sourceTree = "<group>"; };
		BDBDA1D81D1E624F00BA01B1 /* XFRecommendViewController.m */ = {isa = PBXFileReference; fileEncoding = 4; lastKnownFileType = sourcecode.c.objc; path = XFRecommendViewController.m; sourceTree = "<group>"; };
		BDBDA1DA1D1E64B800BA01B1 /* XFSettingViewController.h */ = {isa = PBXFileReference; fileEncoding = 4; lastKnownFileType = sourcecode.c.h; path = XFSettingViewController.h; sourceTree = "<group>"; };
		BDBDA1DB1D1E64B800BA01B1 /* XFSettingViewController.m */ = {isa = PBXFileReference; fileEncoding = 4; lastKnownFileType = sourcecode.c.objc; path = XFSettingViewController.m; sourceTree = "<group>"; };
		BDBDA1E01D1E67B300BA01B1 /* XFNavigationController.h */ = {isa = PBXFileReference; fileEncoding = 4; lastKnownFileType = sourcecode.c.h; path = XFNavigationController.h; sourceTree = "<group>"; };
		BDBDA1E11D1E67B300BA01B1 /* XFNavigationController.m */ = {isa = PBXFileReference; fileEncoding = 4; lastKnownFileType = sourcecode.c.objc; path = XFNavigationController.m; sourceTree = "<group>"; };
		BDD544B81D1FBDEC00DD2F9D /* UITextField+XFExtension.h */ = {isa = PBXFileReference; fileEncoding = 4; lastKnownFileType = sourcecode.c.h; path = "UITextField+XFExtension.h"; sourceTree = "<group>"; };
		BDD544B91D1FBDEC00DD2F9D /* UITextField+XFExtension.m */ = {isa = PBXFileReference; fileEncoding = 4; lastKnownFileType = sourcecode.c.objc; path = "UITextField+XFExtension.m"; sourceTree = "<group>"; };
		BDE490A61D1EBF0F0029E919 /* XFFollowViewController.xib */ = {isa = PBXFileReference; fileEncoding = 4; lastKnownFileType = file.xib; path = XFFollowViewController.xib; sourceTree = "<group>"; };
		BDE490A81D1EC8330029E919 /* XFLoginRegisterViewController.h */ = {isa = PBXFileReference; fileEncoding = 4; lastKnownFileType = sourcecode.c.h; path = XFLoginRegisterViewController.h; sourceTree = "<group>"; };
		BDE490A91D1EC8330029E919 /* XFLoginRegisterViewController.m */ = {isa = PBXFileReference; fileEncoding = 4; lastKnownFileType = sourcecode.c.objc; path = XFLoginRegisterViewController.m; sourceTree = "<group>"; };
		BDE490AA1D1EC8330029E919 /* XFLoginRegisterViewController.xib */ = {isa = PBXFileReference; fileEncoding = 4; lastKnownFileType = file.xib; path = XFLoginRegisterViewController.xib; sourceTree = "<group>"; };
		BDE490AD1D1ED6210029E919 /* XFTabBar.h */ = {isa = PBXFileReference; fileEncoding = 4; lastKnownFileType = sourcecode.c.h; path = XFTabBar.h; sourceTree = "<group>"; };
		BDE490AE1D1ED6210029E919 /* XFTabBar.m */ = {isa = PBXFileReference; fileEncoding = 4; lastKnownFileType = sourcecode.c.objc; path = XFTabBar.m; sourceTree = "<group>"; };
		BDE490B01D1ED6690029E919 /* XFQuickLoginBtn.h */ = {isa = PBXFileReference; fileEncoding = 4; lastKnownFileType = sourcecode.c.h; path = XFQuickLoginBtn.h; sourceTree = "<group>"; };
		BDE490B11D1ED6690029E919 /* XFQuickLoginBtn.m */ = {isa = PBXFileReference; fileEncoding = 4; lastKnownFileType = sourcecode.c.objc; path = XFQuickLoginBtn.m; sourceTree = "<group>"; };
		BDF277C51D20A9E9006D1122 /* XFMeSquare.h */ = {isa = PBXFileReference; fileEncoding = 4; lastKnownFileType = sourcecode.c.h; path = XFMeSquare.h; sourceTree = "<group>"; };
		BDF277C61D20A9E9006D1122 /* XFMeSquare.m */ = {isa = PBXFileReference; fileEncoding = 4; lastKnownFileType = sourcecode.c.objc; path = XFMeSquare.m; sourceTree = "<group>"; };
		BDF7C0C21D227B2D00947EAD /* XFTextFontCell.h */ = {isa = PBXFileReference; fileEncoding = 4; lastKnownFileType = sourcecode.c.h; path = XFTextFontCell.h; sourceTree = "<group>"; };
		BDF7C0C31D227B2D00947EAD /* XFTextFontCell.m */ = {isa = PBXFileReference; fileEncoding = 4; lastKnownFileType = sourcecode.c.objc; path = XFTextFontCell.m; sourceTree = "<group>"; };
		BDF7C0C41D227B2D00947EAD /* XFTextFontCell.xib */ = {isa = PBXFileReference; fileEncoding = 4; lastKnownFileType = file.xib; path = XFTextFontCell.xib; sourceTree = "<group>"; };
		BDF7C0C71D22836800947EAD /* XFDayOrNightCell.h */ = {isa = PBXFileReference; fileEncoding = 4; lastKnownFileType = sourcecode.c.h; path = XFDayOrNightCell.h; sourceTree = "<group>"; };
		BDF7C0C81D22836800947EAD /* XFDayOrNightCell.m */ = {isa = PBXFileReference; fileEncoding = 4; lastKnownFileType = sourcecode.c.objc; path = XFDayOrNightCell.m; sourceTree = "<group>"; };
		BDF7C0C91D22836800947EAD /* XFDayOrNightCell.xib */ = {isa = PBXFileReference; fileEncoding = 4; lastKnownFileType = file.xib; path = XFDayOrNightCell.xib; sourceTree = "<group>"; };
		C0668AED95FBA2024822CE0C /* Pods-XFBaisiTests.debug.xcconfig */ = {isa = PBXFileReference; includeInIndex = 1; lastKnownFileType = text.xcconfig; name = "Pods-XFBaisiTests.debug.xcconfig"; path = "Pods/Target Support Files/Pods-XFBaisiTests/Pods-XFBaisiTests.debug.xcconfig"; sourceTree = "<group>"; };
		FAF2CE5070612EF3BD1AAAA2 /* libPods-XFBaisiTests.a */ = {isa = PBXFileReference; explicitFileType = archive.ar; includeInIndex = 0; path = "libPods-XFBaisiTests.a"; sourceTree = BUILT_PRODUCTS_DIR; };
/* End PBXFileReference section */

/* Begin PBXFrameworksBuildPhase section */
		BDBDA1561D1E391B00BA01B1 /* Frameworks */ = {
			isa = PBXFrameworksBuildPhase;
			buildActionMask = 2147483647;
			files = (
				D82C942630EED7F0F1C4F766 /* libPods-XFBaisi.a in Frameworks */,
			);
			runOnlyForDeploymentPostprocessing = 0;
		};
		BDBDA16F1D1E391B00BA01B1 /* Frameworks */ = {
			isa = PBXFrameworksBuildPhase;
			buildActionMask = 2147483647;
			files = (
				A345A2CC13DC52485FE1905D /* libPods-XFBaisiTests.a in Frameworks */,
			);
			runOnlyForDeploymentPostprocessing = 0;
		};
		BDBDA17A1D1E391B00BA01B1 /* Frameworks */ = {
			isa = PBXFrameworksBuildPhase;
			buildActionMask = 2147483647;
			files = (
				2B251BA443D3181F21774C84 /* libPods-XFBaisiUITests.a in Frameworks */,
			);
			runOnlyForDeploymentPostprocessing = 0;
		};
/* End PBXFrameworksBuildPhase section */

/* Begin PBXGroup section */
		BD3830F81D202B460060CEB0 /* YKTools */ = {
			isa = PBXGroup;
			children = (
			);
			path = YKTools;
			sourceTree = "<group>";
		};
		BDBDA1501D1E391B00BA01B1 = {
			isa = PBXGroup;
			children = (
				BDBDA15B1D1E391B00BA01B1 /* XFBaisi */,
				BDBDA1751D1E391B00BA01B1 /* XFBaisiTests */,
				BDBDA1801D1E391B00BA01B1 /* XFBaisiUITests */,
				BDBDA15A1D1E391B00BA01B1 /* Products */,
				E92BCD9E80CE56375FC7D0B0 /* Pods */,
				F98CC775A23121D6BDF913D1 /* Frameworks */,
			);
			sourceTree = "<group>";
		};
		BDBDA15A1D1E391B00BA01B1 /* Products */ = {
			isa = PBXGroup;
			children = (
				BDBDA1591D1E391B00BA01B1 /* XFBaisi.app */,
				BDBDA1721D1E391B00BA01B1 /* XFBaisiTests.xctest */,
				BDBDA17D1D1E391B00BA01B1 /* XFBaisiUITests.xctest */,
			);
			name = Products;
			sourceTree = "<group>";
		};
		BDBDA15B1D1E391B00BA01B1 /* XFBaisi */ = {
			isa = PBXGroup;
			children = (
				BDBDA19C1D1E430E00BA01B1 /* Classes */,
				BDBDA15C1D1E391B00BA01B1 /* Supporting Files */,
			);
			path = XFBaisi;
			sourceTree = "<group>";
		};
		BDBDA15C1D1E391B00BA01B1 /* Supporting Files */ = {
			isa = PBXGroup;
			children = (
				BDBDA18F1D1E39B100BA01B1 /* Assets.xcassets */,
				BDBDA16D1D1E391B00BA01B1 /* Info.plist */,
			);
			name = "Supporting Files";
			sourceTree = "<group>";
		};
		BDBDA1751D1E391B00BA01B1 /* XFBaisiTests */ = {
			isa = PBXGroup;
			children = (
				BDBDA1761D1E391B00BA01B1 /* XFBaisiTests.m */,
				BDBDA1781D1E391B00BA01B1 /* Info.plist */,
			);
			path = XFBaisiTests;
			sourceTree = "<group>";
		};
		BDBDA1801D1E391B00BA01B1 /* XFBaisiUITests */ = {
			isa = PBXGroup;
			children = (
				BDBDA1811D1E391B00BA01B1 /* XFBaisiUITests.m */,
				BDBDA1831D1E391B00BA01B1 /* Info.plist */,
			);
			path = XFBaisiUITests;
			sourceTree = "<group>";
		};
		BDBDA19C1D1E430E00BA01B1 /* Classes */ = {
			isa = PBXGroup;
			children = (
				BDBDA19D1D1E433400BA01B1 /* Essence-精华 */,
				BDBDA19E1D1E434300BA01B1 /* New-新帖 */,
				BDBDA19F1D1E438000BA01B1 /* Follow-关注 */,
				BDBDA1A01D1E438000BA01B1 /* Me-我 */,
				BDBDA1A11D1E438000BA01B1 /* Other-其他 */,
			);
			path = Classes;
			sourceTree = "<group>";
		};
		BDBDA19D1D1E433400BA01B1 /* Essence-精华 */ = {
			isa = PBXGroup;
			children = (
				BDBDA1A51D1E43BA00BA01B1 /* Controller */,
				BDBDA1A61D1E43BA00BA01B1 /* Model */,
				BDBDA1A71D1E43BA00BA01B1 /* View */,
			);
			path = "Essence-精华";
			sourceTree = "<group>";
		};
		BDBDA19E1D1E434300BA01B1 /* New-新帖 */ = {
			isa = PBXGroup;
			children = (
				BDBDA1A21D1E43B300BA01B1 /* Controller */,
				BDBDA1A31D1E43B300BA01B1 /* Model */,
				BDBDA1A41D1E43B300BA01B1 /* View */,
			);
			path = "New-新帖";
			sourceTree = "<group>";
		};
		BDBDA19F1D1E438000BA01B1 /* Follow-关注 */ = {
			isa = PBXGroup;
			children = (
				BDBDA1A81D1E43C300BA01B1 /* Controller */,
				BDBDA1A91D1E43C300BA01B1 /* Model */,
				BDBDA1AA1D1E43C300BA01B1 /* View */,
			);
			path = "Follow-关注";
			sourceTree = "<group>";
		};
		BDBDA1A01D1E438000BA01B1 /* Me-我 */ = {
			isa = PBXGroup;
			children = (
				BDBDA1AB1D1E43C800BA01B1 /* Controller */,
				BDBDA1AC1D1E43C800BA01B1 /* Model */,
				BDBDA1AD1D1E43C800BA01B1 /* View */,
			);
			path = "Me-我";
			sourceTree = "<group>";
		};
		BDBDA1A11D1E438000BA01B1 /* Other-其他 */ = {
			isa = PBXGroup;
			children = (
				BD3830F81D202B460060CEB0 /* YKTools */,
				BDBDA1CB1D1E459400BA01B1 /* PrefixHeader.pch */,
				BDBDA1CA1D1E459400BA01B1 /* main.m */,
				BDBDA1C91D1E459400BA01B1 /* AppDelegate.h */,
				BDBDA1C71D1E458900BA01B1 /* AppDelegate.m */,
				BD3830EF1D201FDB0060CEB0 /* XFConst.h */,
				BD3830F01D201FDB0060CEB0 /* XFConst.m */,
				BDBDA1B11D1E43FB00BA01B1 /* Category */,
				BDBDA1AE1D1E43CE00BA01B1 /* Controller */,
				BDBDA1B01D1E43CE00BA01B1 /* View */,
			);
			path = "Other-其他";
			sourceTree = "<group>";
		};
		BDBDA1A21D1E43B300BA01B1 /* Controller */ = {
			isa = PBXGroup;
			children = (
				BDBDA1B51D1E446900BA01B1 /* XFNewViewController.h */,
				BDBDA1B61D1E446900BA01B1 /* XFNewViewController.m */,
			);
			path = Controller;
			sourceTree = "<group>";
		};
		BDBDA1A31D1E43B300BA01B1 /* Model */ = {
			isa = PBXGroup;
			children = (
			);
			path = Model;
			sourceTree = "<group>";
		};
		BDBDA1A41D1E43B300BA01B1 /* View */ = {
			isa = PBXGroup;
			children = (
			);
			path = View;
			sourceTree = "<group>";
		};
		BDBDA1A51D1E43BA00BA01B1 /* Controller */ = {
			isa = PBXGroup;
			children = (
				BDBDA1B21D1E445700BA01B1 /* XFEssenceViewController.h */,
				BDBDA1B31D1E445700BA01B1 /* XFEssenceViewController.m */,
				BD94A67F1D223ACD00EC5208 /* XFAllViewController.h */,
				BD94A6801D223ACD00EC5208 /* XFAllViewController.m */,
				BD94A6821D223AE900EC5208 /* XFVideoViewController.h */,
				BD94A6831D223AE900EC5208 /* XFVideoViewController.m */,
				BD94A6851D223AFA00EC5208 /* XFVoiceViewController.h */,
				BD94A6861D223AFA00EC5208 /* XFVoiceViewController.m */,
				BD94A6881D223B1000EC5208 /* XFPictureViewController.h */,
				BD94A6891D223B1000EC5208 /* XFPictureViewController.m */,
				BD94A68B1D223B2600EC5208 /* XFWordViewController.h */,
				BD94A68C1D223B2600EC5208 /* XFWordViewController.m */,
			);
			path = Controller;
			sourceTree = "<group>";
		};
		BDBDA1A61D1E43BA00BA01B1 /* Model */ = {
			isa = PBXGroup;
			children = (
				BDA664331D235ED5004D5967 /* XFTopic.h */,
				BDA664341D235ED5004D5967 /* XFTopic.m */,
			);
			path = Model;
			sourceTree = "<group>";
		};
		BDBDA1A71D1E43BA00BA01B1 /* View */ = {
			isa = PBXGroup;
			children = (
				BD94A67C1D222B9C00EC5208 /* XFTitleButton.h */,
				BD94A67D1D222B9C00EC5208 /* XFTitleButton.m */,
			);
			path = View;
			sourceTree = "<group>";
		};
		BDBDA1A81D1E43C300BA01B1 /* Controller */ = {
			isa = PBXGroup;
			children = (
				BDBDA1B81D1E447400BA01B1 /* XFFollowViewController.h */,
				BDBDA1B91D1E447400BA01B1 /* XFFollowViewController.m */,
				BDE490A61D1EBF0F0029E919 /* XFFollowViewController.xib */,
				BDBDA1D71D1E624F00BA01B1 /* XFRecommendViewController.h */,
				BDBDA1D81D1E624F00BA01B1 /* XFRecommendViewController.m */,
			);
			path = Controller;
			sourceTree = "<group>";
		};
		BDBDA1A91D1E43C300BA01B1 /* Model */ = {
			isa = PBXGroup;
			children = (
			);
			path = Model;
			sourceTree = "<group>";
		};
		BDBDA1AA1D1E43C300BA01B1 /* View */ = {
			isa = PBXGroup;
			children = (
			);
			path = View;
			sourceTree = "<group>";
		};
		BDBDA1AB1D1E43C800BA01B1 /* Controller */ = {
			isa = PBXGroup;
			children = (
				BDBDA1BB1D1E447B00BA01B1 /* XFMeViewController.h */,
				BDBDA1BC1D1E447B00BA01B1 /* XFMeViewController.m */,
				BDBDA1DA1D1E64B800BA01B1 /* XFSettingViewController.h */,
				BDBDA1DB1D1E64B800BA01B1 /* XFSettingViewController.m */,
				BD2382E71D20CB8A00DE1EB3 /* XFWebViewController.h */,
				BD2382E81D20CB8A00DE1EB3 /* XFWebViewController.m */,
				BD2382E91D20CB8A00DE1EB3 /* XFWebViewController.xib */,
				BD2382EF1D20FA2E00DE1EB3 /* XFMoreViewController.h */,
				BD2382F01D20FA2E00DE1EB3 /* XFMoreViewController.m */,
			);
			path = Controller;
			sourceTree = "<group>";
		};
		BDBDA1AC1D1E43C800BA01B1 /* Model */ = {
			isa = PBXGroup;
			children = (
				BDF277C51D20A9E9006D1122 /* XFMeSquare.h */,
				BDF277C61D20A9E9006D1122 /* XFMeSquare.m */,
			);
			path = Model;
			sourceTree = "<group>";
		};
		BDBDA1AD1D1E43C800BA01B1 /* View */ = {
			isa = PBXGroup;
			children = (
				BD3830F21D2020CE0060CEB0 /* XFMeTableViewCell.h */,
				BD3830F31D2020CE0060CEB0 /* XFMeTableViewCell.m */,
				BD3830F51D20255B0060CEB0 /* XFMeFooterView.h */,
				BD3830F61D20255B0060CEB0 /* XFMeFooterView.m */,
				BD2382E11D20B86A00DE1EB3 /* XFMeSquareButton.h */,
				BD2382E21D20B86A00DE1EB3 /* XFMeSquareButton.m */,
				BD2382F51D21146700DE1EB3 /* XFClearCacheCell.h */,
				BD2382F61D21146700DE1EB3 /* XFClearCacheCell.m */,
				BDF7C0C21D227B2D00947EAD /* XFTextFontCell.h */,
				BDF7C0C31D227B2D00947EAD /* XFTextFontCell.m */,
				BDF7C0C41D227B2D00947EAD /* XFTextFontCell.xib */,
				BDF7C0C71D22836800947EAD /* XFDayOrNightCell.h */,
				BDF7C0C81D22836800947EAD /* XFDayOrNightCell.m */,
				BDF7C0C91D22836800947EAD /* XFDayOrNightCell.xib */,
			);
			path = View;
			sourceTree = "<group>";
		};
		BDBDA1AE1D1E43CE00BA01B1 /* Controller */ = {
			isa = PBXGroup;
			children = (
				BDBDA1C31D1E456F00BA01B1 /* XFTabBarController.h */,
				BDBDA1C41D1E456F00BA01B1 /* XFTabBarController.m */,
				BDBDA1E01D1E67B300BA01B1 /* XFNavigationController.h */,
				BDBDA1E11D1E67B300BA01B1 /* XFNavigationController.m */,
				BDE490A81D1EC8330029E919 /* XFLoginRegisterViewController.h */,
				BDE490A91D1EC8330029E919 /* XFLoginRegisterViewController.m */,
				BDE490AA1D1EC8330029E919 /* XFLoginRegisterViewController.xib */,
			);
			path = Controller;
			sourceTree = "<group>";
		};
		BDBDA1B01D1E43CE00BA01B1 /* View */ = {
			isa = PBXGroup;
			children = (
				BDE490AD1D1ED6210029E919 /* XFTabBar.h */,
				BDE490AE1D1ED6210029E919 /* XFTabBar.m */,
				BDE490B01D1ED6690029E919 /* XFQuickLoginBtn.h */,
				BDE490B11D1ED6690029E919 /* XFQuickLoginBtn.m */,
				BD660A3E1D1EF19B006E5BC0 /* XFLoginRegisterTextField.h */,
				BD660A3F1D1EF19B006E5BC0 /* XFLoginRegisterTextField.m */,
				BDA664361D237475004D5967 /* XFRefreshHeader.h */,
				BDA664371D237475004D5967 /* XFRefreshHeader.m */,
				BDA664391D237D99004D5967 /* XFRefreshFooter.h */,
				BDA6643A1D237D99004D5967 /* XFRefreshFooter.m */,
			);
			path = View;
			sourceTree = "<group>";
		};
		BDBDA1B11D1E43FB00BA01B1 /* Category */ = {
			isa = PBXGroup;
			children = (
				BDBDA1BE1D1E456500BA01B1 /* UIView+XFExtension.h */,
				BDBDA1BF1D1E456500BA01B1 /* UIView+XFExtension.m */,
				BDBDA1D41D1E5AA400BA01B1 /* UIBarButtonItem+XFExtension.h */,
				BDBDA1D51D1E5AA400BA01B1 /* UIBarButtonItem+XFExtension.m */,
				BDD544B81D1FBDEC00DD2F9D /* UITextField+XFExtension.h */,
				BDD544B91D1FBDEC00DD2F9D /* UITextField+XFExtension.m */,
				BD2382F21D2103AB00DE1EB3 /* NSString+XFExtension.h */,
				BD2382F31D2103AB00DE1EB3 /* NSString+XFExtension.m */,
			);
			path = Category;
			sourceTree = "<group>";
		};
		E92BCD9E80CE56375FC7D0B0 /* Pods */ = {
			isa = PBXGroup;
			children = (
				5B2303E04480110E01B60C9A /* Pods-XFBaisi.debug.xcconfig */,
				958DD80A83CB5E018CEDA6E4 /* Pods-XFBaisi.release.xcconfig */,
				C0668AED95FBA2024822CE0C /* Pods-XFBaisiTests.debug.xcconfig */,
				60992633DBEC019FBFA793B4 /* Pods-XFBaisiTests.release.xcconfig */,
				7232A17A3C37455A74E600F7 /* Pods-XFBaisiUITests.debug.xcconfig */,
				33FA3FF16BBC520CB6DFBE0C /* Pods-XFBaisiUITests.release.xcconfig */,
			);
			name = Pods;
			sourceTree = "<group>";
		};
		F98CC775A23121D6BDF913D1 /* Frameworks */ = {
			isa = PBXGroup;
			children = (
				8564B4053D229525B01D725E /* libPods-XFBaisi.a */,
				FAF2CE5070612EF3BD1AAAA2 /* libPods-XFBaisiTests.a */,
				43DF40AF7129666B974784DD /* libPods-XFBaisiUITests.a */,
			);
			name = Frameworks;
			sourceTree = "<group>";
		};
/* End PBXGroup section */

/* Begin PBXNativeTarget section */
		BDBDA1581D1E391B00BA01B1 /* XFBaisi */ = {
			isa = PBXNativeTarget;
			buildConfigurationList = BDBDA1861D1E391B00BA01B1 /* Build configuration list for PBXNativeTarget "XFBaisi" */;
			buildPhases = (
				833A0CD06BE454339FE49BB4 /* 📦 Check Pods Manifest.lock */,
				BDBDA1551D1E391B00BA01B1 /* Sources */,
				BDBDA1561D1E391B00BA01B1 /* Frameworks */,
				BDBDA1571D1E391B00BA01B1 /* Resources */,
				3E47FCB2BC05B42247306585 /* 📦 Embed Pods Frameworks */,
				00CEC089CEDE05D7F8804EE2 /* 📦 Copy Pods Resources */,
			);
			buildRules = (
			);
			dependencies = (
			);
			name = XFBaisi;
			productName = XFBaisi;
			productReference = BDBDA1591D1E391B00BA01B1 /* XFBaisi.app */;
			productType = "com.apple.product-type.application";
		};
		BDBDA1711D1E391B00BA01B1 /* XFBaisiTests */ = {
			isa = PBXNativeTarget;
			buildConfigurationList = BDBDA1891D1E391B00BA01B1 /* Build configuration list for PBXNativeTarget "XFBaisiTests" */;
			buildPhases = (
				2A513A76F57F5802ABE2E524 /* 📦 Check Pods Manifest.lock */,
				BDBDA16E1D1E391B00BA01B1 /* Sources */,
				BDBDA16F1D1E391B00BA01B1 /* Frameworks */,
				BDBDA1701D1E391B00BA01B1 /* Resources */,
				6141465445C2EF9691B3CF34 /* 📦 Embed Pods Frameworks */,
				2ED265BB75246F34AE991C93 /* 📦 Copy Pods Resources */,
			);
			buildRules = (
			);
			dependencies = (
				BDBDA1741D1E391B00BA01B1 /* PBXTargetDependency */,
			);
			name = XFBaisiTests;
			productName = XFBaisiTests;
			productReference = BDBDA1721D1E391B00BA01B1 /* XFBaisiTests.xctest */;
			productType = "com.apple.product-type.bundle.unit-test";
		};
		BDBDA17C1D1E391B00BA01B1 /* XFBaisiUITests */ = {
			isa = PBXNativeTarget;
			buildConfigurationList = BDBDA18C1D1E391B00BA01B1 /* Build configuration list for PBXNativeTarget "XFBaisiUITests" */;
			buildPhases = (
				ED3D782E8462FC97AB7B4D74 /* 📦 Check Pods Manifest.lock */,
				BDBDA1791D1E391B00BA01B1 /* Sources */,
				BDBDA17A1D1E391B00BA01B1 /* Frameworks */,
				BDBDA17B1D1E391B00BA01B1 /* Resources */,
				583E113008592E000335D6C9 /* 📦 Copy Pods Resources */,
			);
			buildRules = (
			);
			dependencies = (
				BDBDA17F1D1E391B00BA01B1 /* PBXTargetDependency */,
			);
			name = XFBaisiUITests;
			productName = XFBaisiUITests;
			productReference = BDBDA17D1D1E391B00BA01B1 /* XFBaisiUITests.xctest */;
			productType = "com.apple.product-type.bundle.ui-testing";
		};
/* End PBXNativeTarget section */

/* Begin PBXProject section */
		BDBDA1511D1E391B00BA01B1 /* Project object */ = {
			isa = PBXProject;
			attributes = {
				CLASSPREFIX = XF;
				LastUpgradeCheck = 0720;
				ORGANIZATIONNAME = xiaofan;
				TargetAttributes = {
					BDBDA1581D1E391B00BA01B1 = {
						CreatedOnToolsVersion = 7.2.1;
						DevelopmentTeam = V5T362FM3J;
					};
					BDBDA1711D1E391B00BA01B1 = {
						CreatedOnToolsVersion = 7.2.1;
						TestTargetID = BDBDA1581D1E391B00BA01B1;
					};
					BDBDA17C1D1E391B00BA01B1 = {
						CreatedOnToolsVersion = 7.2.1;
						TestTargetID = BDBDA1581D1E391B00BA01B1;
					};
				};
			};
			buildConfigurationList = BDBDA1541D1E391B00BA01B1 /* Build configuration list for PBXProject "XFBaisi" */;
			compatibilityVersion = "Xcode 3.2";
			developmentRegion = English;
			hasScannedForEncodings = 0;
			knownRegions = (
				en,
				Base,
			);
			mainGroup = BDBDA1501D1E391B00BA01B1;
			productRefGroup = BDBDA15A1D1E391B00BA01B1 /* Products */;
			projectDirPath = "";
			projectRoot = "";
			targets = (
				BDBDA1581D1E391B00BA01B1 /* XFBaisi */,
				BDBDA1711D1E391B00BA01B1 /* XFBaisiTests */,
				BDBDA17C1D1E391B00BA01B1 /* XFBaisiUITests */,
			);
		};
/* End PBXProject section */

/* Begin PBXResourcesBuildPhase section */
		BDBDA1571D1E391B00BA01B1 /* Resources */ = {
			isa = PBXResourcesBuildPhase;
			buildActionMask = 2147483647;
			files = (
				BDBDA1901D1E39B100BA01B1 /* Assets.xcassets in Resources */,
				BDF7C0C61D227B2D00947EAD /* XFTextFontCell.xib in Resources */,
				BDE490A71D1EBF0F0029E919 /* XFFollowViewController.xib in Resources */,
				BDE490AC1D1EC8330029E919 /* XFLoginRegisterViewController.xib in Resources */,
				BD2382EB1D20CB8A00DE1EB3 /* XFWebViewController.xib in Resources */,
				BDF7C0CB1D22836800947EAD /* XFDayOrNightCell.xib in Resources */,
			);
			runOnlyForDeploymentPostprocessing = 0;
		};
		BDBDA1701D1E391B00BA01B1 /* Resources */ = {
			isa = PBXResourcesBuildPhase;
			buildActionMask = 2147483647;
			files = (
			);
			runOnlyForDeploymentPostprocessing = 0;
		};
		BDBDA17B1D1E391B00BA01B1 /* Resources */ = {
			isa = PBXResourcesBuildPhase;
			buildActionMask = 2147483647;
			files = (
			);
			runOnlyForDeploymentPostprocessing = 0;
		};
/* End PBXResourcesBuildPhase section */

/* Begin PBXShellScriptBuildPhase section */
		00CEC089CEDE05D7F8804EE2 /* 📦 Copy Pods Resources */ = {
			isa = PBXShellScriptBuildPhase;
			buildActionMask = 2147483647;
			files = (
			);
			inputPaths = (
			);
			name = "📦 Copy Pods Resources";
			outputPaths = (
			);
			runOnlyForDeploymentPostprocessing = 0;
			shellPath = /bin/sh;
			shellScript = "\"${SRCROOT}/Pods/Target Support Files/Pods-XFBaisi/Pods-XFBaisi-resources.sh\"\n";
			showEnvVarsInLog = 0;
		};
		2A513A76F57F5802ABE2E524 /* 📦 Check Pods Manifest.lock */ = {
			isa = PBXShellScriptBuildPhase;
			buildActionMask = 2147483647;
			files = (
			);
			inputPaths = (
			);
			name = "📦 Check Pods Manifest.lock";
			outputPaths = (
			);
			runOnlyForDeploymentPostprocessing = 0;
			shellPath = /bin/sh;
			shellScript = "diff \"${PODS_ROOT}/../Podfile.lock\" \"${PODS_ROOT}/Manifest.lock\" > /dev/null\nif [[ $? != 0 ]] ; then\n    cat << EOM\nerror: The sandbox is not in sync with the Podfile.lock. Run 'pod install' or update your CocoaPods installation.\nEOM\n    exit 1\nfi\n";
			showEnvVarsInLog = 0;
		};
		2ED265BB75246F34AE991C93 /* 📦 Copy Pods Resources */ = {
			isa = PBXShellScriptBuildPhase;
			buildActionMask = 2147483647;
			files = (
			);
			inputPaths = (
			);
			name = "📦 Copy Pods Resources";
			outputPaths = (
			);
			runOnlyForDeploymentPostprocessing = 0;
			shellPath = /bin/sh;
			shellScript = "\"${SRCROOT}/Pods/Target Support Files/Pods-XFBaisiTests/Pods-XFBaisiTests-resources.sh\"\n";
			showEnvVarsInLog = 0;
		};
		3E47FCB2BC05B42247306585 /* 📦 Embed Pods Frameworks */ = {
			isa = PBXShellScriptBuildPhase;
			buildActionMask = 2147483647;
			files = (
			);
			inputPaths = (
			);
			name = "📦 Embed Pods Frameworks";
			outputPaths = (
			);
			runOnlyForDeploymentPostprocessing = 0;
			shellPath = /bin/sh;
			shellScript = "\"${SRCROOT}/Pods/Target Support Files/Pods-XFBaisi/Pods-XFBaisi-frameworks.sh\"\n";
			showEnvVarsInLog = 0;
		};
		583E113008592E000335D6C9 /* 📦 Copy Pods Resources */ = {
			isa = PBXShellScriptBuildPhase;
			buildActionMask = 2147483647;
			files = (
			);
			inputPaths = (
			);
			name = "📦 Copy Pods Resources";
			outputPaths = (
			);
			runOnlyForDeploymentPostprocessing = 0;
			shellPath = /bin/sh;
			shellScript = "\"${SRCROOT}/Pods/Target Support Files/Pods-XFBaisiUITests/Pods-XFBaisiUITests-resources.sh\"\n";
			showEnvVarsInLog = 0;
		};
		6141465445C2EF9691B3CF34 /* 📦 Embed Pods Frameworks */ = {
			isa = PBXShellScriptBuildPhase;
			buildActionMask = 2147483647;
			files = (
			);
			inputPaths = (
			);
			name = "📦 Embed Pods Frameworks";
			outputPaths = (
			);
			runOnlyForDeploymentPostprocessing = 0;
			shellPath = /bin/sh;
			shellScript = "\"${SRCROOT}/Pods/Target Support Files/Pods-XFBaisiTests/Pods-XFBaisiTests-frameworks.sh\"\n";
			showEnvVarsInLog = 0;
		};
		833A0CD06BE454339FE49BB4 /* 📦 Check Pods Manifest.lock */ = {
			isa = PBXShellScriptBuildPhase;
			buildActionMask = 2147483647;
			files = (
			);
			inputPaths = (
			);
			name = "📦 Check Pods Manifest.lock";
			outputPaths = (
			);
			runOnlyForDeploymentPostprocessing = 0;
			shellPath = /bin/sh;
			shellScript = "diff \"${PODS_ROOT}/../Podfile.lock\" \"${PODS_ROOT}/Manifest.lock\" > /dev/null\nif [[ $? != 0 ]] ; then\n    cat << EOM\nerror: The sandbox is not in sync with the Podfile.lock. Run 'pod install' or update your CocoaPods installation.\nEOM\n    exit 1\nfi\n";
			showEnvVarsInLog = 0;
		};
		ED3D782E8462FC97AB7B4D74 /* 📦 Check Pods Manifest.lock */ = {
			isa = PBXShellScriptBuildPhase;
			buildActionMask = 2147483647;
			files = (
			);
			inputPaths = (
			);
			name = "📦 Check Pods Manifest.lock";
			outputPaths = (
			);
			runOnlyForDeploymentPostprocessing = 0;
			shellPath = /bin/sh;
			shellScript = "diff \"${PODS_ROOT}/../Podfile.lock\" \"${PODS_ROOT}/Manifest.lock\" > /dev/null\nif [[ $? != 0 ]] ; then\n    cat << EOM\nerror: The sandbox is not in sync with the Podfile.lock. Run 'pod install' or update your CocoaPods installation.\nEOM\n    exit 1\nfi\n";
			showEnvVarsInLog = 0;
		};
/* End PBXShellScriptBuildPhase section */

/* Begin PBXSourcesBuildPhase section */
		BDBDA1551D1E391B00BA01B1 /* Sources */ = {
			isa = PBXSourcesBuildPhase;
			buildActionMask = 2147483647;
			files = (
				BD2382E31D20B86B00DE1EB3 /* XFMeSquareButton.m in Sources */,
				BDBDA1C61D1E456F00BA01B1 /* XFTabBarController.m in Sources */,
				BD94A67E1D222B9C00EC5208 /* XFTitleButton.m in Sources */,
				BDBDA1D61D1E5AA400BA01B1 /* UIBarButtonItem+XFExtension.m in Sources */,
				BDF7C0CA1D22836800947EAD /* XFDayOrNightCell.m in Sources */,
				BDBDA1DC1D1E64B800BA01B1 /* XFSettingViewController.m in Sources */,
				BD2382F71D21146700DE1EB3 /* XFClearCacheCell.m in Sources */,
				BD3830F41D2020CE0060CEB0 /* XFMeTableViewCell.m in Sources */,
				BDBDA1BA1D1E447400BA01B1 /* XFFollowViewController.m in Sources */,
				BD2382EA1D20CB8A00DE1EB3 /* XFWebViewController.m in Sources */,
				BD3830F71D20255B0060CEB0 /* XFMeFooterView.m in Sources */,
				BD94A6871D223AFA00EC5208 /* XFVoiceViewController.m in Sources */,
				BDBDA1C01D1E456500BA01B1 /* UIView+XFExtension.m in Sources */,
				BD94A68A1D223B1000EC5208 /* XFPictureViewController.m in Sources */,
				BDBDA1D91D1E624F00BA01B1 /* XFRecommendViewController.m in Sources */,
				BDE490B21D1ED6690029E919 /* XFQuickLoginBtn.m in Sources */,
				BD2382F41D2103AB00DE1EB3 /* NSString+XFExtension.m in Sources */,
				BDF277C71D20A9E9006D1122 /* XFMeSquare.m in Sources */,
				BD3830F11D201FDB0060CEB0 /* XFConst.m in Sources */,
				BDA6643B1D237D99004D5967 /* XFRefreshFooter.m in Sources */,
				BDD544BA1D1FBDEC00DD2F9D /* UITextField+XFExtension.m in Sources */,
				BDBDA1C81D1E458900BA01B1 /* AppDelegate.m in Sources */,
				BD94A6811D223ACD00EC5208 /* XFAllViewController.m in Sources */,
				BDE490AF1D1ED6210029E919 /* XFTabBar.m in Sources */,
				BDBDA1E21D1E67B300BA01B1 /* XFNavigationController.m in Sources */,
				BD2382F11D20FA2E00DE1EB3 /* XFMoreViewController.m in Sources */,
				BD94A68D1D223B2600EC5208 /* XFWordViewController.m in Sources */,
				BD660A401D1EF19B006E5BC0 /* XFLoginRegisterTextField.m in Sources */,
				BD94A6841D223AE900EC5208 /* XFVideoViewController.m in Sources */,
				BDBDA1B71D1E446900BA01B1 /* XFNewViewController.m in Sources */,
				BDBDA1BD1D1E447B00BA01B1 /* XFMeViewController.m in Sources */,
				BDBDA1CC1D1E459400BA01B1 /* main.m in Sources */,
				BDA664351D235ED5004D5967 /* XFTopic.m in Sources */,
				BDF7C0C51D227B2D00947EAD /* XFTextFontCell.m in Sources */,
				BDBDA1B41D1E445700BA01B1 /* XFEssenceViewController.m in Sources */,
				BDA664381D237475004D5967 /* XFRefreshHeader.m in Sources */,
				BDE490AB1D1EC8330029E919 /* XFLoginRegisterViewController.m in Sources */,
			);
			runOnlyForDeploymentPostprocessing = 0;
		};
		BDBDA16E1D1E391B00BA01B1 /* Sources */ = {
			isa = PBXSourcesBuildPhase;
			buildActionMask = 2147483647;
			files = (
				BDBDA1771D1E391B00BA01B1 /* XFBaisiTests.m in Sources */,
			);
			runOnlyForDeploymentPostprocessing = 0;
		};
		BDBDA1791D1E391B00BA01B1 /* Sources */ = {
			isa = PBXSourcesBuildPhase;
			buildActionMask = 2147483647;
			files = (
				BDBDA1821D1E391B00BA01B1 /* XFBaisiUITests.m in Sources */,
			);
			runOnlyForDeploymentPostprocessing = 0;
		};
/* End PBXSourcesBuildPhase section */

/* Begin PBXTargetDependency section */
		BDBDA1741D1E391B00BA01B1 /* PBXTargetDependency */ = {
			isa = PBXTargetDependency;
			target = BDBDA1581D1E391B00BA01B1 /* XFBaisi */;
			targetProxy = BDBDA1731D1E391B00BA01B1 /* PBXContainerItemProxy */;
		};
		BDBDA17F1D1E391B00BA01B1 /* PBXTargetDependency */ = {
			isa = PBXTargetDependency;
			target = BDBDA1581D1E391B00BA01B1 /* XFBaisi */;
			targetProxy = BDBDA17E1D1E391B00BA01B1 /* PBXContainerItemProxy */;
		};
/* End PBXTargetDependency section */

/* Begin XCBuildConfiguration section */
		BDBDA1841D1E391B00BA01B1 /* Debug */ = {
			isa = XCBuildConfiguration;
			buildSettings = {
				ALWAYS_SEARCH_USER_PATHS = NO;
				CLANG_CXX_LANGUAGE_STANDARD = "gnu++0x";
				CLANG_CXX_LIBRARY = "libc++";
				CLANG_ENABLE_MODULES = YES;
				CLANG_ENABLE_OBJC_ARC = YES;
				CLANG_WARN_BOOL_CONVERSION = YES;
				CLANG_WARN_CONSTANT_CONVERSION = YES;
				CLANG_WARN_DIRECT_OBJC_ISA_USAGE = YES_ERROR;
				CLANG_WARN_EMPTY_BODY = YES;
				CLANG_WARN_ENUM_CONVERSION = YES;
				CLANG_WARN_INT_CONVERSION = YES;
				CLANG_WARN_OBJC_ROOT_CLASS = YES_ERROR;
				CLANG_WARN_UNREACHABLE_CODE = YES;
				CLANG_WARN__DUPLICATE_METHOD_MATCH = YES;
				"CODE_SIGN_IDENTITY[sdk=iphoneos*]" = "iPhone Developer";
				COPY_PHASE_STRIP = NO;
				DEBUG_INFORMATION_FORMAT = dwarf;
				ENABLE_STRICT_OBJC_MSGSEND = YES;
				ENABLE_TESTABILITY = YES;
				GCC_C_LANGUAGE_STANDARD = gnu99;
				GCC_DYNAMIC_NO_PIC = NO;
				GCC_NO_COMMON_BLOCKS = YES;
				GCC_OPTIMIZATION_LEVEL = 0;
				GCC_PREPROCESSOR_DEFINITIONS = (
					"DEBUG=1",
					"$(inherited)",
				);
				GCC_WARN_64_TO_32_BIT_CONVERSION = YES;
				GCC_WARN_ABOUT_RETURN_TYPE = YES_ERROR;
				GCC_WARN_UNDECLARED_SELECTOR = YES;
				GCC_WARN_UNINITIALIZED_AUTOS = YES_AGGRESSIVE;
				GCC_WARN_UNUSED_FUNCTION = YES;
				GCC_WARN_UNUSED_VARIABLE = YES;
				IPHONEOS_DEPLOYMENT_TARGET = 9.2;
				MTL_ENABLE_DEBUG_INFO = YES;
				ONLY_ACTIVE_ARCH = YES;
				SDKROOT = iphoneos;
			};
			name = Debug;
		};
		BDBDA1851D1E391B00BA01B1 /* Release */ = {
			isa = XCBuildConfiguration;
			buildSettings = {
				ALWAYS_SEARCH_USER_PATHS = NO;
				CLANG_CXX_LANGUAGE_STANDARD = "gnu++0x";
				CLANG_CXX_LIBRARY = "libc++";
				CLANG_ENABLE_MODULES = YES;
				CLANG_ENABLE_OBJC_ARC = YES;
				CLANG_WARN_BOOL_CONVERSION = YES;
				CLANG_WARN_CONSTANT_CONVERSION = YES;
				CLANG_WARN_DIRECT_OBJC_ISA_USAGE = YES_ERROR;
				CLANG_WARN_EMPTY_BODY = YES;
				CLANG_WARN_ENUM_CONVERSION = YES;
				CLANG_WARN_INT_CONVERSION = YES;
				CLANG_WARN_OBJC_ROOT_CLASS = YES_ERROR;
				CLANG_WARN_UNREACHABLE_CODE = YES;
				CLANG_WARN__DUPLICATE_METHOD_MATCH = YES;
				"CODE_SIGN_IDENTITY[sdk=iphoneos*]" = "iPhone Developer";
				COPY_PHASE_STRIP = NO;
				DEBUG_INFORMATION_FORMAT = "dwarf-with-dsym";
				ENABLE_NS_ASSERTIONS = NO;
				ENABLE_STRICT_OBJC_MSGSEND = YES;
				GCC_C_LANGUAGE_STANDARD = gnu99;
				GCC_NO_COMMON_BLOCKS = YES;
				GCC_WARN_64_TO_32_BIT_CONVERSION = YES;
				GCC_WARN_ABOUT_RETURN_TYPE = YES_ERROR;
				GCC_WARN_UNDECLARED_SELECTOR = YES;
				GCC_WARN_UNINITIALIZED_AUTOS = YES_AGGRESSIVE;
				GCC_WARN_UNUSED_FUNCTION = YES;
				GCC_WARN_UNUSED_VARIABLE = YES;
				IPHONEOS_DEPLOYMENT_TARGET = 9.2;
				MTL_ENABLE_DEBUG_INFO = NO;
				SDKROOT = iphoneos;
				VALIDATE_PRODUCT = YES;
			};
			name = Release;
		};
		BDBDA1871D1E391B00BA01B1 /* Debug */ = {
			isa = XCBuildConfiguration;
			baseConfigurationReference = 5B2303E04480110E01B60C9A /* Pods-XFBaisi.debug.xcconfig */;
			buildSettings = {
				ASSETCATALOG_COMPILER_APPICON_NAME = AppIcon;
				ASSETCATALOG_COMPILER_LAUNCHIMAGE_NAME = LaunchImage;
				CODE_SIGN_IDENTITY = "iPhone Developer";
				GCC_PREFIX_HEADER = "XFBaisi/Classes/Other-其他/PrefixHeader.pch";
				INFOPLIST_FILE = XFBaisi/Info.plist;
				LD_RUNPATH_SEARCH_PATHS = "$(inherited) @executable_path/Frameworks";
				PRODUCT_BUNDLE_IDENTIFIER = com.dvxiaofan.XFBaisi;
				PRODUCT_NAME = "$(TARGET_NAME)";
			};
			name = Debug;
		};
		BDBDA1881D1E391B00BA01B1 /* Release */ = {
			isa = XCBuildConfiguration;
			baseConfigurationReference = 958DD80A83CB5E018CEDA6E4 /* Pods-XFBaisi.release.xcconfig */;
			buildSettings = {
				ASSETCATALOG_COMPILER_APPICON_NAME = AppIcon;
				ASSETCATALOG_COMPILER_LAUNCHIMAGE_NAME = LaunchImage;
				CODE_SIGN_IDENTITY = "iPhone Developer";
				GCC_PREFIX_HEADER = "XFBaisi/Classes/Other-其他/PrefixHeader.pch";
				INFOPLIST_FILE = XFBaisi/Info.plist;
				LD_RUNPATH_SEARCH_PATHS = "$(inherited) @executable_path/Frameworks";
				PRODUCT_BUNDLE_IDENTIFIER = com.dvxiaofan.XFBaisi;
				PRODUCT_NAME = "$(TARGET_NAME)";
			};
			name = Release;
		};
		BDBDA18A1D1E391B00BA01B1 /* Debug */ = {
			isa = XCBuildConfiguration;
			baseConfigurationReference = C0668AED95FBA2024822CE0C /* Pods-XFBaisiTests.debug.xcconfig */;
			buildSettings = {
				BUNDLE_LOADER = "$(TEST_HOST)";
				INFOPLIST_FILE = XFBaisiTests/Info.plist;
				LD_RUNPATH_SEARCH_PATHS = "$(inherited) @executable_path/Frameworks @loader_path/Frameworks";
				PRODUCT_BUNDLE_IDENTIFIER = com.dvxiaofan.XFBaisiTests;
				PRODUCT_NAME = "$(TARGET_NAME)";
				TEST_HOST = "$(BUILT_PRODUCTS_DIR)/XFBaisi.app/XFBaisi";
			};
			name = Debug;
		};
		BDBDA18B1D1E391B00BA01B1 /* Release */ = {
			isa = XCBuildConfiguration;
			baseConfigurationReference = 60992633DBEC019FBFA793B4 /* Pods-XFBaisiTests.release.xcconfig */;
			buildSettings = {
				BUNDLE_LOADER = "$(TEST_HOST)";
				INFOPLIST_FILE = XFBaisiTests/Info.plist;
				LD_RUNPATH_SEARCH_PATHS = "$(inherited) @executable_path/Frameworks @loader_path/Frameworks";
				PRODUCT_BUNDLE_IDENTIFIER = com.dvxiaofan.XFBaisiTests;
				PRODUCT_NAME = "$(TARGET_NAME)";
				TEST_HOST = "$(BUILT_PRODUCTS_DIR)/XFBaisi.app/XFBaisi";
			};
			name = Release;
		};
		BDBDA18D1D1E391B00BA01B1 /* Debug */ = {
			isa = XCBuildConfiguration;
			baseConfigurationReference = 7232A17A3C37455A74E600F7 /* Pods-XFBaisiUITests.debug.xcconfig */;
			buildSettings = {
				INFOPLIST_FILE = XFBaisiUITests/Info.plist;
				LD_RUNPATH_SEARCH_PATHS = "$(inherited) @executable_path/Frameworks @loader_path/Frameworks";
				PRODUCT_BUNDLE_IDENTIFIER = com.dvxiaofan.XFBaisiUITests;
				PRODUCT_NAME = "$(TARGET_NAME)";
				TEST_TARGET_NAME = XFBaisi;
				USES_XCTRUNNER = YES;
			};
			name = Debug;
		};
		BDBDA18E1D1E391B00BA01B1 /* Release */ = {
			isa = XCBuildConfiguration;
			baseConfigurationReference = 33FA3FF16BBC520CB6DFBE0C /* Pods-XFBaisiUITests.release.xcconfig */;
			buildSettings = {
				INFOPLIST_FILE = XFBaisiUITests/Info.plist;
				LD_RUNPATH_SEARCH_PATHS = "$(inherited) @executable_path/Frameworks @loader_path/Frameworks";
				PRODUCT_BUNDLE_IDENTIFIER = com.dvxiaofan.XFBaisiUITests;
				PRODUCT_NAME = "$(TARGET_NAME)";
				TEST_TARGET_NAME = XFBaisi;
				USES_XCTRUNNER = YES;
			};
			name = Release;
		};
/* End XCBuildConfiguration section */

/* Begin XCConfigurationList section */
		BDBDA1541D1E391B00BA01B1 /* Build configuration list for PBXProject "XFBaisi" */ = {
			isa = XCConfigurationList;
			buildConfigurations = (
				BDBDA1841D1E391B00BA01B1 /* Debug */,
				BDBDA1851D1E391B00BA01B1 /* Release */,
			);
			defaultConfigurationIsVisible = 0;
			defaultConfigurationName = Release;
		};
		BDBDA1861D1E391B00BA01B1 /* Build configuration list for PBXNativeTarget "XFBaisi" */ = {
			isa = XCConfigurationList;
			buildConfigurations = (
				BDBDA1871D1E391B00BA01B1 /* Debug */,
				BDBDA1881D1E391B00BA01B1 /* Release */,
			);
			defaultConfigurationIsVisible = 0;
			defaultConfigurationName = Release;
		};
		BDBDA1891D1E391B00BA01B1 /* Build configuration list for PBXNativeTarget "XFBaisiTests" */ = {
			isa = XCConfigurationList;
			buildConfigurations = (
				BDBDA18A1D1E391B00BA01B1 /* Debug */,
				BDBDA18B1D1E391B00BA01B1 /* Release */,
			);
			defaultConfigurationIsVisible = 0;
			defaultConfigurationName = Release;
		};
		BDBDA18C1D1E391B00BA01B1 /* Build configuration list for PBXNativeTarget "XFBaisiUITests" */ = {
			isa = XCConfigurationList;
			buildConfigurations = (
				BDBDA18D1D1E391B00BA01B1 /* Debug */,
				BDBDA18E1D1E391B00BA01B1 /* Release */,
			);
			defaultConfigurationIsVisible = 0;
			defaultConfigurationName = Release;
		};
/* End XCConfigurationList section */
	};
	rootObject = BDBDA1511D1E391B00BA01B1 /* Project object */;
}
