// !$*UTF8*$!
{
	archiveVersion = 1;
	classes = {
	};
	objectVersion = 46;
	objects = {

/* Begin PBXBuildFile section */
		BDAFF9711D1D0A350086816A /* main.m in Sources */ = {isa = PBXBuildFile; fileRef = BDAFF9701D1D0A350086816A /* main.m */; };
		BDAFF9741D1D0A350086816A /* AppDelegate.m in Sources */ = {isa = PBXBuildFile; fileRef = BDAFF9731D1D0A350086816A /* AppDelegate.m */; };
		BDAFF97C1D1D0A350086816A /* Assets.xcassets in Resources */ = {isa = PBXBuildFile; fileRef = BDAFF97B1D1D0A350086816A /* Assets.xcassets */; };
		BDAFF98A1D1D0A360086816A /* YKBaiSiTests.m in Sources */ = {isa = PBXBuildFile; fileRef = BDAFF9891D1D0A360086816A /* YKBaiSiTests.m */; };
		BDAFF9951D1D0A360086816A /* YKBaiSiUITests.m in Sources */ = {isa = PBXBuildFile; fileRef = BDAFF9941D1D0A360086816A /* YKBaiSiUITests.m */; };
		BDAFF9E71D1D1F320086816A /* YKabBarController.m in Sources */ = {isa = PBXBuildFile; fileRef = BDAFF9E61D1D1F320086816A /* YKabBarController.m */; };
/* End PBXBuildFile section */

/* Begin PBXContainerItemProxy section */
		BDAFF9861D1D0A350086816A /* PBXContainerItemProxy */ = {
			isa = PBXContainerItemProxy;
			containerPortal = BDAFF9641D1D0A350086816A /* Project object */;
			proxyType = 1;
			remoteGlobalIDString = BDAFF96B1D1D0A350086816A;
			remoteInfo = YKBaiSi;
		};
		BDAFF9911D1D0A360086816A /* PBXContainerItemProxy */ = {
			isa = PBXContainerItemProxy;
			containerPortal = BDAFF9641D1D0A350086816A /* Project object */;
			proxyType = 1;
			remoteGlobalIDString = BDAFF96B1D1D0A350086816A;
			remoteInfo = YKBaiSi;
		};
/* End PBXContainerItemProxy section */

/* Begin PBXFileReference section */
		BDAFF96C1D1D0A350086816A /* YKBaiSi.app */ = {isa = PBXFileReference; explicitFileType = wrapper.application; includeInIndex = 0; path = YKBaiSi.app; sourceTree = BUILT_PRODUCTS_DIR; };
		BDAFF9701D1D0A350086816A /* main.m */ = {isa = PBXFileReference; lastKnownFileType = sourcecode.c.objc; name = main.m; path = ../main.m; sourceTree = "<group>"; };
		BDAFF9721D1D0A350086816A /* AppDelegate.h */ = {isa = PBXFileReference; lastKnownFileType = sourcecode.c.h; name = AppDelegate.h; path = ../AppDelegate.h; sourceTree = "<group>"; };
		BDAFF9731D1D0A350086816A /* AppDelegate.m */ = {isa = PBXFileReference; lastKnownFileType = sourcecode.c.objc; name = AppDelegate.m; path = ../AppDelegate.m; sourceTree = "<group>"; };
		BDAFF97B1D1D0A350086816A /* Assets.xcassets */ = {isa = PBXFileReference; lastKnownFileType = folder.assetcatalog; path = Assets.xcassets; sourceTree = "<group>"; };
		BDAFF9801D1D0A350086816A /* Info.plist */ = {isa = PBXFileReference; lastKnownFileType = text.plist.xml; path = Info.plist; sourceTree = "<group>"; };
		BDAFF9851D1D0A350086816A /* YKBaiSiTests.xctest */ = {isa = PBXFileReference; explicitFileType = wrapper.cfbundle; includeInIndex = 0; path = YKBaiSiTests.xctest; sourceTree = BUILT_PRODUCTS_DIR; };
		BDAFF9891D1D0A360086816A /* YKBaiSiTests.m */ = {isa = PBXFileReference; lastKnownFileType = sourcecode.c.objc; path = YKBaiSiTests.m; sourceTree = "<group>"; };
		BDAFF98B1D1D0A360086816A /* Info.plist */ = {isa = PBXFileReference; lastKnownFileType = text.plist.xml; path = Info.plist; sourceTree = "<group>"; };
		BDAFF9901D1D0A360086816A /* YKBaiSiUITests.xctest */ = {isa = PBXFileReference; explicitFileType = wrapper.cfbundle; includeInIndex = 0; path = YKBaiSiUITests.xctest; sourceTree = BUILT_PRODUCTS_DIR; };
		BDAFF9941D1D0A360086816A /* YKBaiSiUITests.m */ = {isa = PBXFileReference; lastKnownFileType = sourcecode.c.objc; path = YKBaiSiUITests.m; sourceTree = "<group>"; };
		BDAFF9961D1D0A360086816A /* Info.plist */ = {isa = PBXFileReference; lastKnownFileType = text.plist.xml; path = Info.plist; sourceTree = "<group>"; };
		BDAFF9E51D1D1F320086816A /* YKabBarController.h */ = {isa = PBXFileReference; fileEncoding = 4; lastKnownFileType = sourcecode.c.h; path = YKabBarController.h; sourceTree = "<group>"; };
		BDAFF9E61D1D1F320086816A /* YKabBarController.m */ = {isa = PBXFileReference; fileEncoding = 4; lastKnownFileType = sourcecode.c.objc; path = YKabBarController.m; sourceTree = "<group>"; };
/* End PBXFileReference section */

/* Begin PBXFrameworksBuildPhase section */
		BDAFF9691D1D0A350086816A /* Frameworks */ = {
			isa = PBXFrameworksBuildPhase;
			buildActionMask = 2147483647;
			files = (
			);
			runOnlyForDeploymentPostprocessing = 0;
		};
		BDAFF9821D1D0A350086816A /* Frameworks */ = {
			isa = PBXFrameworksBuildPhase;
			buildActionMask = 2147483647;
			files = (
			);
			runOnlyForDeploymentPostprocessing = 0;
		};
		BDAFF98D1D1D0A360086816A /* Frameworks */ = {
			isa = PBXFrameworksBuildPhase;
			buildActionMask = 2147483647;
			files = (
			);
			runOnlyForDeploymentPostprocessing = 0;
		};
/* End PBXFrameworksBuildPhase section */

/* Begin PBXGroup section */
		BDAFF9631D1D0A350086816A = {
			isa = PBXGroup;
			children = (
				BDAFF96E1D1D0A350086816A /* YKBaiSi */,
				BDAFF9881D1D0A360086816A /* YKBaiSiTests */,
				BDAFF9931D1D0A360086816A /* YKBaiSiUITests */,
				BDAFF96D1D1D0A350086816A /* Products */,
			);
			sourceTree = "<group>";
		};
		BDAFF96D1D1D0A350086816A /* Products */ = {
			isa = PBXGroup;
			children = (
				BDAFF96C1D1D0A350086816A /* YKBaiSi.app */,
				BDAFF9851D1D0A350086816A /* YKBaiSiTests.xctest */,
				BDAFF9901D1D0A360086816A /* YKBaiSiUITests.xctest */,
			);
			name = Products;
			sourceTree = "<group>";
		};
		BDAFF96E1D1D0A350086816A /* YKBaiSi */ = {
			isa = PBXGroup;
			children = (
				BDAFF9E41D1D0C9E0086816A /* Classes */,
				BDAFF96F1D1D0A350086816A /* Supporting Files */,
			);
			path = YKBaiSi;
			sourceTree = "<group>";
		};
		BDAFF96F1D1D0A350086816A /* Supporting Files */ = {
			isa = PBXGroup;
			children = (
				BDAFF97B1D1D0A350086816A /* Assets.xcassets */,
				BDAFF9801D1D0A350086816A /* Info.plist */,
			);
			name = "Supporting Files";
			sourceTree = "<group>";
		};
		BDAFF9881D1D0A360086816A /* YKBaiSiTests */ = {
			isa = PBXGroup;
			children = (
				BDAFF9891D1D0A360086816A /* YKBaiSiTests.m */,
				BDAFF98B1D1D0A360086816A /* Info.plist */,
			);
			path = YKBaiSiTests;
			sourceTree = "<group>";
		};
		BDAFF9931D1D0A360086816A /* YKBaiSiUITests */ = {
			isa = PBXGroup;
			children = (
				BDAFF9941D1D0A360086816A /* YKBaiSiUITests.m */,
				BDAFF9961D1D0A360086816A /* Info.plist */,
			);
			path = YKBaiSiUITests;
			sourceTree = "<group>";
		};
		BDAFF9E41D1D0C9E0086816A /* Classes */ = {
			isa = PBXGroup;
			children = (
				BDAFF9701D1D0A350086816A /* main.m */,
				BDAFF9721D1D0A350086816A /* AppDelegate.h */,
				BDAFF9731D1D0A350086816A /* AppDelegate.m */,
				BDAFF9E51D1D1F320086816A /* YKabBarController.h */,
				BDAFF9E61D1D1F320086816A /* YKabBarController.m */,
			);
			path = Classes;
			sourceTree = "<group>";
		};
/* End PBXGroup section */

/* Begin PBXNativeTarget section */
		BDAFF96B1D1D0A350086816A /* YKBaiSi */ = {
			isa = PBXNativeTarget;
			buildConfigurationList = BDAFF9991D1D0A360086816A /* Build configuration list for PBXNativeTarget "YKBaiSi" */;
			buildPhases = (
				BDAFF9681D1D0A350086816A /* Sources */,
				BDAFF9691D1D0A350086816A /* Frameworks */,
				BDAFF96A1D1D0A350086816A /* Resources */,
			);
			buildRules = (
			);
			dependencies = (
			);
			name = YKBaiSi;
			productName = YKBaiSi;
			productReference = BDAFF96C1D1D0A350086816A /* YKBaiSi.app */;
			productType = "com.apple.product-type.application";
		};
		BDAFF9841D1D0A350086816A /* YKBaiSiTests */ = {
			isa = PBXNativeTarget;
			buildConfigurationList = BDAFF99C1D1D0A360086816A /* Build configuration list for PBXNativeTarget "YKBaiSiTests" */;
			buildPhases = (
				BDAFF9811D1D0A350086816A /* Sources */,
				BDAFF9821D1D0A350086816A /* Frameworks */,
				BDAFF9831D1D0A350086816A /* Resources */,
			);
			buildRules = (
			);
			dependencies = (
				BDAFF9871D1D0A350086816A /* PBXTargetDependency */,
			);
			name = YKBaiSiTests;
			productName = YKBaiSiTests;
			productReference = BDAFF9851D1D0A350086816A /* YKBaiSiTests.xctest */;
			productType = "com.apple.product-type.bundle.unit-test";
		};
		BDAFF98F1D1D0A360086816A /* YKBaiSiUITests */ = {
			isa = PBXNativeTarget;
			buildConfigurationList = BDAFF99F1D1D0A360086816A /* Build configuration list for PBXNativeTarget "YKBaiSiUITests" */;
			buildPhases = (
				BDAFF98C1D1D0A360086816A /* Sources */,
				BDAFF98D1D1D0A360086816A /* Frameworks */,
				BDAFF98E1D1D0A360086816A /* Resources */,
			);
			buildRules = (
			);
			dependencies = (
				BDAFF9921D1D0A360086816A /* PBXTargetDependency */,
			);
			name = YKBaiSiUITests;
			productName = YKBaiSiUITests;
			productReference = BDAFF9901D1D0A360086816A /* YKBaiSiUITests.xctest */;
			productType = "com.apple.product-type.bundle.ui-testing";
		};
/* End PBXNativeTarget section */

/* Begin PBXProject section */
		BDAFF9641D1D0A350086816A /* Project object */ = {
			isa = PBXProject;
			attributes = {
				CLASSPREFIX = YK;
				LastUpgradeCheck = 0720;
				ORGANIZATIONNAME = xiaofan;
				TargetAttributes = {
					BDAFF96B1D1D0A350086816A = {
						CreatedOnToolsVersion = 7.2.1;
						DevelopmentTeam = V5T362FM3J;
					};
					BDAFF9841D1D0A350086816A = {
						CreatedOnToolsVersion = 7.2.1;
						TestTargetID = BDAFF96B1D1D0A350086816A;
					};
					BDAFF98F1D1D0A360086816A = {
						CreatedOnToolsVersion = 7.2.1;
						TestTargetID = BDAFF96B1D1D0A350086816A;
					};
				};
			};
			buildConfigurationList = BDAFF9671D1D0A350086816A /* Build configuration list for PBXProject "YKBaiSi" */;
			compatibilityVersion = "Xcode 3.2";
			developmentRegion = English;
			hasScannedForEncodings = 0;
			knownRegions = (
				en,
				Base,
			);
			mainGroup = BDAFF9631D1D0A350086816A;
			productRefGroup = BDAFF96D1D1D0A350086816A /* Products */;
			projectDirPath = "";
			projectRoot = "";
			targets = (
				BDAFF96B1D1D0A350086816A /* YKBaiSi */,
				BDAFF9841D1D0A350086816A /* YKBaiSiTests */,
				BDAFF98F1D1D0A360086816A /* YKBaiSiUITests */,
			);
		};
/* End PBXProject section */

/* Begin PBXResourcesBuildPhase section */
		BDAFF96A1D1D0A350086816A /* Resources */ = {
			isa = PBXResourcesBuildPhase;
			buildActionMask = 2147483647;
			files = (
				BDAFF97C1D1D0A350086816A /* Assets.xcassets in Resources */,
			);
			runOnlyForDeploymentPostprocessing = 0;
		};
		BDAFF9831D1D0A350086816A /* Resources */ = {
			isa = PBXResourcesBuildPhase;
			buildActionMask = 2147483647;
			files = (
			);
			runOnlyForDeploymentPostprocessing = 0;
		};
		BDAFF98E1D1D0A360086816A /* Resources */ = {
			isa = PBXResourcesBuildPhase;
			buildActionMask = 2147483647;
			files = (
			);
			runOnlyForDeploymentPostprocessing = 0;
		};
/* End PBXResourcesBuildPhase section */

/* Begin PBXSourcesBuildPhase section */
		BDAFF9681D1D0A350086816A /* Sources */ = {
			isa = PBXSourcesBuildPhase;
			buildActionMask = 2147483647;
			files = (
				BDAFF9E71D1D1F320086816A /* YKabBarController.m in Sources */,
				BDAFF9741D1D0A350086816A /* AppDelegate.m in Sources */,
				BDAFF9711D1D0A350086816A /* main.m in Sources */,
			);
			runOnlyForDeploymentPostprocessing = 0;
		};
		BDAFF9811D1D0A350086816A /* Sources */ = {
			isa = PBXSourcesBuildPhase;
			buildActionMask = 2147483647;
			files = (
				BDAFF98A1D1D0A360086816A /* YKBaiSiTests.m in Sources */,
			);
			runOnlyForDeploymentPostprocessing = 0;
		};
		BDAFF98C1D1D0A360086816A /* Sources */ = {
			isa = PBXSourcesBuildPhase;
			buildActionMask = 2147483647;
			files = (
				BDAFF9951D1D0A360086816A /* YKBaiSiUITests.m in Sources */,
			);
			runOnlyForDeploymentPostprocessing = 0;
		};
/* End PBXSourcesBuildPhase section */

/* Begin PBXTargetDependency section */
		BDAFF9871D1D0A350086816A /* PBXTargetDependency */ = {
			isa = PBXTargetDependency;
			target = BDAFF96B1D1D0A350086816A /* YKBaiSi */;
			targetProxy = BDAFF9861D1D0A350086816A /* PBXContainerItemProxy */;
		};
		BDAFF9921D1D0A360086816A /* PBXTargetDependency */ = {
			isa = PBXTargetDependency;
			target = BDAFF96B1D1D0A350086816A /* YKBaiSi */;
			targetProxy = BDAFF9911D1D0A360086816A /* PBXContainerItemProxy */;
		};
/* End PBXTargetDependency section */

/* Begin XCBuildConfiguration section */
		BDAFF9971D1D0A360086816A /* Debug */ = {
			isa = XCBuildConfiguration;
			buildSettings = {
				ALWAYS_SEARCH_USER_PATHS = NO;
				CLANG_CXX_LANGUAGE_STANDARD = "gnu++0x";
				CLANG_CXX_LIBRARY = "libc++";
				CLANG_ENABLE_MODULES = YES;
				CLANG_ENABLE_OBJC_ARC = YES;
				CLANG_WARN_BOOL_CONVERSION = YES;
				CLANG_WARN_CONSTANT_CONVERSION = YES;
				CLANG_WARN_DIRECT_OBJC_ISA_USAGE = YES_ERROR;
				CLANG_WARN_EMPTY_BODY = YES;
				CLANG_WARN_ENUM_CONVERSION = YES;
				CLANG_WARN_INT_CONVERSION = YES;
				CLANG_WARN_OBJC_ROOT_CLASS = YES_ERROR;
				CLANG_WARN_UNREACHABLE_CODE = YES;
				CLANG_WARN__DUPLICATE_METHOD_MATCH = YES;
				"CODE_SIGN_IDENTITY[sdk=iphoneos*]" = "iPhone Developer";
				COPY_PHASE_STRIP = NO;
				DEBUG_INFORMATION_FORMAT = dwarf;
				ENABLE_STRICT_OBJC_MSGSEND = YES;
				ENABLE_TESTABILITY = YES;
				GCC_C_LANGUAGE_STANDARD = gnu99;
				GCC_DYNAMIC_NO_PIC = NO;
				GCC_NO_COMMON_BLOCKS = YES;
				GCC_OPTIMIZATION_LEVEL = 0;
				GCC_PREPROCESSOR_DEFINITIONS = (
					"DEBUG=1",
					"$(inherited)",
				);
				GCC_WARN_64_TO_32_BIT_CONVERSION = YES;
				GCC_WARN_ABOUT_RETURN_TYPE = YES_ERROR;
				GCC_WARN_UNDECLARED_SELECTOR = YES;
				GCC_WARN_UNINITIALIZED_AUTOS = YES_AGGRESSIVE;
				GCC_WARN_UNUSED_FUNCTION = YES;
				GCC_WARN_UNUSED_VARIABLE = YES;
				IPHONEOS_DEPLOYMENT_TARGET = 9.2;
				MTL_ENABLE_DEBUG_INFO = YES;
				ONLY_ACTIVE_ARCH = YES;
				SDKROOT = iphoneos;
			};
			name = Debug;
		};
		BDAFF9981D1D0A360086816A /* Release */ = {
			isa = XCBuildConfiguration;
			buildSettings = {
				ALWAYS_SEARCH_USER_PATHS = NO;
				CLANG_CXX_LANGUAGE_STANDARD = "gnu++0x";
				CLANG_CXX_LIBRARY = "libc++";
				CLANG_ENABLE_MODULES = YES;
				CLANG_ENABLE_OBJC_ARC = YES;
				CLANG_WARN_BOOL_CONVERSION = YES;
				CLANG_WARN_CONSTANT_CONVERSION = YES;
				CLANG_WARN_DIRECT_OBJC_ISA_USAGE = YES_ERROR;
				CLANG_WARN_EMPTY_BODY = YES;
				CLANG_WARN_ENUM_CONVERSION = YES;
				CLANG_WARN_INT_CONVERSION = YES;
				CLANG_WARN_OBJC_ROOT_CLASS = YES_ERROR;
				CLANG_WARN_UNREACHABLE_CODE = YES;
				CLANG_WARN__DUPLICATE_METHOD_MATCH = YES;
				"CODE_SIGN_IDENTITY[sdk=iphoneos*]" = "iPhone Developer";
				COPY_PHASE_STRIP = NO;
				DEBUG_INFORMATION_FORMAT = "dwarf-with-dsym";
				ENABLE_NS_ASSERTIONS = NO;
				ENABLE_STRICT_OBJC_MSGSEND = YES;
				GCC_C_LANGUAGE_STANDARD = gnu99;
				GCC_NO_COMMON_BLOCKS = YES;
				GCC_WARN_64_TO_32_BIT_CONVERSION = YES;
				GCC_WARN_ABOUT_RETURN_TYPE = YES_ERROR;
				GCC_WARN_UNDECLARED_SELECTOR = YES;
				GCC_WARN_UNINITIALIZED_AUTOS = YES_AGGRESSIVE;
				GCC_WARN_UNUSED_FUNCTION = YES;
				GCC_WARN_UNUSED_VARIABLE = YES;
				IPHONEOS_DEPLOYMENT_TARGET = 9.2;
				MTL_ENABLE_DEBUG_INFO = NO;
				SDKROOT = iphoneos;
				VALIDATE_PRODUCT = YES;
			};
			name = Release;
		};
		BDAFF99A1D1D0A360086816A /* Debug */ = {
			isa = XCBuildConfiguration;
			buildSettings = {
				ASSETCATALOG_COMPILER_APPICON_NAME = AppIcon;
				ASSETCATALOG_COMPILER_LAUNCHIMAGE_NAME = "Brand Assets";
				CODE_SIGN_IDENTITY = "iPhone Developer";
				INFOPLIST_FILE = YKBaiSi/Info.plist;
				LD_RUNPATH_SEARCH_PATHS = "$(inherited) @executable_path/Frameworks";
				PRODUCT_BUNDLE_IDENTIFIER = com.dvxiaofan.YKBaiSi;
				PRODUCT_NAME = "$(TARGET_NAME)";
			};
			name = Debug;
		};
		BDAFF99B1D1D0A360086816A /* Release */ = {
			isa = XCBuildConfiguration;
			buildSettings = {
				ASSETCATALOG_COMPILER_APPICON_NAME = AppIcon;
				ASSETCATALOG_COMPILER_LAUNCHIMAGE_NAME = "Brand Assets";
				CODE_SIGN_IDENTITY = "iPhone Developer";
				INFOPLIST_FILE = YKBaiSi/Info.plist;
				LD_RUNPATH_SEARCH_PATHS = "$(inherited) @executable_path/Frameworks";
				PRODUCT_BUNDLE_IDENTIFIER = com.dvxiaofan.YKBaiSi;
				PRODUCT_NAME = "$(TARGET_NAME)";
			};
			name = Release;
		};
		BDAFF99D1D1D0A360086816A /* Debug */ = {
			isa = XCBuildConfiguration;
			buildSettings = {
				BUNDLE_LOADER = "$(TEST_HOST)";
				INFOPLIST_FILE = YKBaiSiTests/Info.plist;
				LD_RUNPATH_SEARCH_PATHS = "$(inherited) @executable_path/Frameworks @loader_path/Frameworks";
				PRODUCT_BUNDLE_IDENTIFIER = com.dvxiaofan.YKBaiSiTests;
				PRODUCT_NAME = "$(TARGET_NAME)";
				TEST_HOST = "$(BUILT_PRODUCTS_DIR)/YKBaiSi.app/YKBaiSi";
			};
			name = Debug;
		};
		BDAFF99E1D1D0A360086816A /* Release */ = {
			isa = XCBuildConfiguration;
			buildSettings = {
				BUNDLE_LOADER = "$(TEST_HOST)";
				INFOPLIST_FILE = YKBaiSiTests/Info.plist;
				LD_RUNPATH_SEARCH_PATHS = "$(inherited) @executable_path/Frameworks @loader_path/Frameworks";
				PRODUCT_BUNDLE_IDENTIFIER = com.dvxiaofan.YKBaiSiTests;
				PRODUCT_NAME = "$(TARGET_NAME)";
				TEST_HOST = "$(BUILT_PRODUCTS_DIR)/YKBaiSi.app/YKBaiSi";
			};
			name = Release;
		};
		BDAFF9A01D1D0A360086816A /* Debug */ = {
			isa = XCBuildConfiguration;
			buildSettings = {
				INFOPLIST_FILE = YKBaiSiUITests/Info.plist;
				LD_RUNPATH_SEARCH_PATHS = "$(inherited) @executable_path/Frameworks @loader_path/Frameworks";
				PRODUCT_BUNDLE_IDENTIFIER = com.dvxiaofan.YKBaiSiUITests;
				PRODUCT_NAME = "$(TARGET_NAME)";
				TEST_TARGET_NAME = YKBaiSi;
				USES_XCTRUNNER = YES;
			};
			name = Debug;
		};
		BDAFF9A11D1D0A360086816A /* Release */ = {
			isa = XCBuildConfiguration;
			buildSettings = {
				INFOPLIST_FILE = YKBaiSiUITests/Info.plist;
				LD_RUNPATH_SEARCH_PATHS = "$(inherited) @executable_path/Frameworks @loader_path/Frameworks";
				PRODUCT_BUNDLE_IDENTIFIER = com.dvxiaofan.YKBaiSiUITests;
				PRODUCT_NAME = "$(TARGET_NAME)";
				TEST_TARGET_NAME = YKBaiSi;
				USES_XCTRUNNER = YES;
			};
			name = Release;
		};
/* End XCBuildConfiguration section */

/* Begin XCConfigurationList section */
		BDAFF9671D1D0A350086816A /* Build configuration list for PBXProject "YKBaiSi" */ = {
			isa = XCConfigurationList;
			buildConfigurations = (
				BDAFF9971D1D0A360086816A /* Debug */,
				BDAFF9981D1D0A360086816A /* Release */,
			);
			defaultConfigurationIsVisible = 0;
			defaultConfigurationName = Release;
		};
		BDAFF9991D1D0A360086816A /* Build configuration list for PBXNativeTarget "YKBaiSi" */ = {
			isa = XCConfigurationList;
			buildConfigurations = (
				BDAFF99A1D1D0A360086816A /* Debug */,
				BDAFF99B1D1D0A360086816A /* Release */,
			);
			defaultConfigurationIsVisible = 0;
			defaultConfigurationName = Release;
		};
		BDAFF99C1D1D0A360086816A /* Build configuration list for PBXNativeTarget "YKBaiSiTests" */ = {
			isa = XCConfigurationList;
			buildConfigurations = (
				BDAFF99D1D1D0A360086816A /* Debug */,
				BDAFF99E1D1D0A360086816A /* Release */,
			);
			defaultConfigurationIsVisible = 0;
			defaultConfigurationName = Release;
		};
		BDAFF99F1D1D0A360086816A /* Build configuration list for PBXNativeTarget "YKBaiSiUITests" */ = {
			isa = XCConfigurationList;
			buildConfigurations = (
				BDAFF9A01D1D0A360086816A /* Debug */,
				BDAFF9A11D1D0A360086816A /* Release */,
			);
			defaultConfigurationIsVisible = 0;
			defaultConfigurationName = Release;
		};
/* End XCConfigurationList section */
	};
	rootObject = BDAFF9641D1D0A350086816A /* Project object */;
}
